{
  "originHash" : "7e7a4861cde0580aabda714b8f1a09918bce76cfbeb93143eb8c7bf15cc21735",
  "pins" : [
    {
      "identity" : "decodeencodegeneric",
      "kind" : "remoteSourceControl",
      "location" : "https://github.com/rsyncOSX/DecodeEncodeGeneric.git",
      "state" : {
        "branch" : "main",
        "revision" : "70c401f1acfeab242685877e10420e8a5438a1d5"
      }
    },
    {
      "identity" : "parsersyncoutput",
      "kind" : "remoteSourceControl",
      "location" : "https://github.com/rsyncOSX/ParseRsyncOutput",
      "state" : {
        "branch" : "main",
        "revision" : "9c5fa29414fb67a5c648b05342955d9b4f928f50"
      }
    },
    {
      "identity" : "processcommand",
      "kind" : "remoteSourceControl",
      "location" : "https://github.com/rsyncOSX/ProcessCommand",
      "state" : {
        "branch" : "main",
        "revision" : "5beda5b798ab6915da09ed0ba4e513316c0189e6"
      }
    },
    {
      "identity" : "rsyncarguments",
      "kind" : "remoteSourceControl",
      "location" : "https://github.com/rsyncOSX/RsyncArguments",
      "state" : {
        "branch" : "main",
        "revision" : "a63a96b7aa2943b6991bf7ab7dc7fbbb526f8333"
      }
    },
    {
      "identity" : "rsyncprocess",
      "kind" : "remoteSourceControl",
      "location" : "https://github.com/rsyncOSX/RsyncProcess",
      "state" : {
        "branch" : "main",
        "revision" : "3e55bc89581d094532362590e5c8a3981a4fa657"
      }
    },
    {
      "identity" : "rsyncuideeplinks",
      "kind" : "remoteSourceControl",
      "location" : "https://github.com/rsyncOSX/RsyncUIDeepLinks",
      "state" : {
        "branch" : "main",
        "revision" : "0d0eab5f07015aef319df44fcae5167b83b46d69"
      }
    },
    {
      "identity" : "sshcreatekey",
      "kind" : "remoteSourceControl",
      "location" : "https://github.com/rsyncOSX/SSHCreateKey.git",
      "state" : {
        "branch" : "main",
        "revision" : "f28bfc40b8b73b38bd6a4fedb651875670dcef3a"
      }
    }
  ],
  "version" : 3
}
