{
  "originHash" : "7e7a4861cde0580aabda714b8f1a09918bce76cfbeb93143eb8c7bf15cc21735",
  "pins" : [
    {
      "identity" : "decodeencodegeneric",
      "kind" : "remoteSourceControl",
      "location" : "https://github.com/rsyncOSX/DecodeEncodeGeneric.git",
      "state" : {
        "branch" : "main",
        "revision" : "cc2cd818ed902f8a0d8070bee40c3ef3c05ff345"
      }
    },
    {
      "identity" : "parsersyncoutput",
      "kind" : "remoteSourceControl",
      "location" : "https://github.com/rsyncOSX/ParseRsyncOutput",
      "state" : {
        "branch" : "main",
        "revision" : "112952c85c2acf053321200e1edb3f1a437512a4"
      }
    },
    {
      "identity" : "processcommand",
      "kind" : "remoteSourceControl",
      "location" : "https://github.com/rsyncOSX/ProcessCommand",
      "state" : {
        "branch" : "main",
        "revision" : "32ef8674169d796bd3ccd40a6e4416ff595fa701"
      }
    },
    {
      "identity" : "rsyncarguments",
      "kind" : "remoteSourceControl",
      "location" : "https://github.com/rsyncOSX/RsyncArguments",
      "state" : {
        "branch" : "main",
        "revision" : "7c3ce0fc29a83ca65135e7136b1a4a22187789ba"
      }
    },
    {
      "identity" : "rsyncprocess",
      "kind" : "remoteSourceControl",
      "location" : "https://github.com/rsyncOSX/RsyncProcess",
      "state" : {
        "branch" : "main",
        "revision" : "8dbf3f1203639707ce3e2ee345ef74bcbae4bac5"
      }
    },
    {
      "identity" : "rsyncuideeplinks",
      "kind" : "remoteSourceControl",
      "location" : "https://github.com/rsyncOSX/RsyncUIDeepLinks",
      "state" : {
        "branch" : "main",
        "revision" : "32df87aae399719264e06b547dbf3b3005fff54c"
      }
    },
    {
      "identity" : "sshcreatekey",
      "kind" : "remoteSourceControl",
      "location" : "https://github.com/rsyncOSX/SSHCreateKey.git",
      "state" : {
        "branch" : "main",
        "revision" : "76dcd284ef2e3101732f1c4684a4e55db8445326"
      }
    }
  ],
  "version" : 3
}
