{
  "originHash" : "0efd9c8779032c34ea3a1643055f94896717f92f0ace0f471706750071f2c2e9",
  "pins" : [
    {
      "identity" : "rsyncarguments",
      "kind" : "remoteSourceControl",
      "location" : "https://github.com/rsyncOSX/RsyncArguments.git",
      "state" : {
        "branch" : "main",
        "revision" : "258fc45c41f34fc96f1242dfb28ddea9e52d507d"
      }
    },
    {
      "identity" : "sshcreatekey",
      "kind" : "remoteSourceControl",
      "location" : "https://github.com/rsyncOSX/SSHCreateKey.git",
      "state" : {
        "branch" : "main",
        "revision" : "8a6e2d5a2f5cde73b0252ae0197dfecea253109a"
      }
    }
  ],
  "version" : 3
}
