// !$*UTF8*$!
{
	archiveVersion = 1;
	classes = {
	};
	objectVersion = 54;
	objects = {

/* Begin PBXBuildFile section */
		E801DC662637FD990060723F /* WriteSynchronizeConfigurationJSON.swift in Sources */ = {isa = PBXBuildFile; fileRef = E801DC652637FD990060723F /* WriteSynchronizeConfigurationJSON.swift */; };
		E8518C7A263807F200128796 /* WriteLogRecordsJSON.swift in Sources */ = {isa = PBXBuildFile; fileRef = E8518C79263807F200128796 /* WriteLogRecordsJSON.swift */; };
		E8902993260B0EF700F4F0DC /* ButtonStyles.swift in Sources */ = {isa = PBXBuildFile; fileRef = E8902992260B0EF700F4F0DC /* ButtonStyles.swift */; };
		E8944892267B2CB0009F9C4A /* RsyncUIView.swift in Sources */ = {isa = PBXBuildFile; fileRef = E8944891267B2CB0009F9C4A /* RsyncUIView.swift */; };
		E902346B2C4F7AA100595967 /* ReadImportConfigurationsJSON.swift in Sources */ = {isa = PBXBuildFile; fileRef = E902346A2C4F7AA100595967 /* ReadImportConfigurationsJSON.swift */; };
		E902C10F27B836CC00A75D7A /* WriteUserConfigurationJSON.swift in Sources */ = {isa = PBXBuildFile; fileRef = E902C10E27B836CC00A75D7A /* WriteUserConfigurationJSON.swift */; };
		E904C0D32CB9106100B69D94 /* ProfilesToUpdataView.swift in Sources */ = {isa = PBXBuildFile; fileRef = E904C0D22CB9104200B69D94 /* ProfilesToUpdataView.swift */; };
		E90B19042C63B40700B3FC35 /* ArgumentsRemoteFileList.swift in Sources */ = {isa = PBXBuildFile; fileRef = E90B19032C63B40700B3FC35 /* ArgumentsRemoteFileList.swift */; };
		E90B5FAD2C981BDC00C744DB /* ArgumentsView.swift in Sources */ = {isa = PBXBuildFile; fileRef = E90B5FAC2C981BDC00C744DB /* ArgumentsView.swift */; };
		E90B5FAF2C981FA600C744DB /* OtherRsyncCommandsView.swift in Sources */ = {isa = PBXBuildFile; fileRef = E90B5FAE2C981FA600C744DB /* OtherRsyncCommandsView.swift */; };
		E90B5FB12C98202100C744DB /* OtherRsyncCommandtoDisplay.swift in Sources */ = {isa = PBXBuildFile; fileRef = E90B5FB02C98202100C744DB /* OtherRsyncCommandtoDisplay.swift */; };
		E911E85E2C6BCD9D00152CD6 /* SSHCreateKey in Frameworks */ = {isa = PBXBuildFile; productRef = E911E85D2C6BCD9D00152CD6 /* SSHCreateKey */; };
		E91CE3BE2CC7C684006A8498 /* SnapshotRemoteCatalogs.swift in Sources */ = {isa = PBXBuildFile; fileRef = E91CE3BD2CC7C684006A8498 /* SnapshotRemoteCatalogs.swift */; };
		E927447529407F8C009DAC1C /* CheckfornewversionofRsyncUI.swift in Sources */ = {isa = PBXBuildFile; fileRef = E927447429407F8C009DAC1C /* CheckfornewversionofRsyncUI.swift */; };
		E931ED962B0C82BB000BEF56 /* QuicktaskView.swift in Sources */ = {isa = PBXBuildFile; fileRef = E931ED952B0C82BB000BEF56 /* QuicktaskView.swift */; };
		E9359B9A26691EFD00D40C43 /* ObservableAddConfigurations.swift in Sources */ = {isa = PBXBuildFile; fileRef = E9359B9926691EFD00D40C43 /* ObservableAddConfigurations.swift */; };
		E936D6002C8ACABC00428191 /* ObservableProfiles.swift in Sources */ = {isa = PBXBuildFile; fileRef = E936D5FF2C8ACABC00428191 /* ObservableProfiles.swift */; };
		E93878C32B27355A009574CD /* AddTaskView.swift in Sources */ = {isa = PBXBuildFile; fileRef = E93878C22B27355A009574CD /* AddTaskView.swift */; };
		E93CC3FF2A68218200DB02EB /* ListofTasksView.swift in Sources */ = {isa = PBXBuildFile; fileRef = E93CC3FE2A68218200DB02EB /* ListofTasksView.swift */; };
		E93CC5732C4D4974000F8963 /* ImportExportCommands.swift in Sources */ = {isa = PBXBuildFile; fileRef = E93CC5722C4D4974000F8963 /* ImportExportCommands.swift */; };
		E93D3B182AFA541D0056DC55 /* LogsbyConfigurationView.swift in Sources */ = {isa = PBXBuildFile; fileRef = E93D3B172AFA541D0056DC55 /* LogsbyConfigurationView.swift */; };
		E93D7B7D26CD920D00E290A1 /* ObservableParametersDefault.swift in Sources */ = {isa = PBXBuildFile; fileRef = E93D7B7C26CD920D00E290A1 /* ObservableParametersDefault.swift */; };
		E9493E4D2BF4DB8B00512A8A /* ObservableOutputfromrsync.swift in Sources */ = {isa = PBXBuildFile; fileRef = E9493E4C2BF4DB8B00512A8A /* ObservableOutputfromrsync.swift */; };
		E94E1E1C2A2DAA3E00011FED /* RestoreFilesTableView.swift in Sources */ = {isa = PBXBuildFile; fileRef = E94E1E1B2A2DAA3E00011FED /* RestoreFilesTableView.swift */; };
		E954AD3F2AFE8F3800F3EA63 /* SidebarTasksView.swift in Sources */ = {isa = PBXBuildFile; fileRef = E954AD3E2AFE8F3800F3EA63 /* SidebarTasksView.swift */; };
		E954AD412AFE8FBB00F3EA63 /* SummarizedDetailsView.swift in Sources */ = {isa = PBXBuildFile; fileRef = E954AD402AFE8FBB00F3EA63 /* SummarizedDetailsView.swift */; };
		E954AD432AFE901200F3EA63 /* TasksView.swift in Sources */ = {isa = PBXBuildFile; fileRef = E954AD422AFE901200F3EA63 /* TasksView.swift */; };
		E9569EA927B809EE0038799C /* ReadUserConfigurationJSON.swift in Sources */ = {isa = PBXBuildFile; fileRef = E9569EA827B809EE0038799C /* ReadUserConfigurationJSON.swift */; };
		E9569EAB27B80BEB0038799C /* UserConfiguration.swift in Sources */ = {isa = PBXBuildFile; fileRef = E9569EAA27B80BEB0038799C /* UserConfiguration.swift */; };
		E9569EAD27B80C220038799C /* DecodeUserConfiguration.swift in Sources */ = {isa = PBXBuildFile; fileRef = E9569EAC27B80C220038799C /* DecodeUserConfiguration.swift */; };
		E956D3782B0C88B9008B190F /* RestoreTableView.swift in Sources */ = {isa = PBXBuildFile; fileRef = E956D3772B0C88B9008B190F /* RestoreTableView.swift */; };
		E9585F842CAFB60E00D037DA /* ObservableRsyncOutput.swift in Sources */ = {isa = PBXBuildFile; fileRef = E9585F832CAFB60E00D037DA /* ObservableRsyncOutput.swift */; };
		E95BD4632C29A9AA00E1C175 /* Homepath.swift in Sources */ = {isa = PBXBuildFile; fileRef = E95BD4622C29A9AA00E1C175 /* Homepath.swift */; };
		E95CA3E42C73230800966D69 /* DecodeEncodeGeneric in Frameworks */ = {isa = PBXBuildFile; productRef = E95CA3E32C73230800966D69 /* DecodeEncodeGeneric */; };
		E95EDC7F26063CAA000018DE /* EditRsyncParameter.swift in Sources */ = {isa = PBXBuildFile; fileRef = E95EDC7E26063CAA000018DE /* EditRsyncParameter.swift */; };
		E95EDC8A26063EAA000018DE /* ObservableParametersRsync.swift in Sources */ = {isa = PBXBuildFile; fileRef = E95EDC8926063EAA000018DE /* ObservableParametersRsync.swift */; };
		E96036042B288CB600438D8B /* SidebarMainView.swift in Sources */ = {isa = PBXBuildFile; fileRef = E96036032B288CB600438D8B /* SidebarMainView.swift */; };
		E961D0512BEC8CE300CBF9B1 /* ProfileView.swift in Sources */ = {isa = PBXBuildFile; fileRef = E961D0502BEC8CE300CBF9B1 /* ProfileView.swift */; };
		E96223952B0BDA7E00C40578 /* OutputRsyncView.swift in Sources */ = {isa = PBXBuildFile; fileRef = E96223942B0BDA7E00C40578 /* OutputRsyncView.swift */; };
		E965D9B827E1C2E8005EFDBB /* UpdateLogs.swift in Sources */ = {isa = PBXBuildFile; fileRef = E965D9B727E1C2E7005EFDBB /* UpdateLogs.swift */; };
		E969669E2B49AEA90054E6C6 /* ExecuteNoEstimationProgressDetails.swift in Sources */ = {isa = PBXBuildFile; fileRef = E969669D2B49AEA90054E6C6 /* ExecuteNoEstimationProgressDetails.swift */; };
		E96A165E272E735F00B95D3D /* Localizable.strings in Resources */ = {isa = PBXBuildFile; fileRef = E96A165C272E735F00B95D3D /* Localizable.strings */; };
		E96AA40D2A9923F40031B1C3 /* ListofTasksAddView.swift in Sources */ = {isa = PBXBuildFile; fileRef = E96AA40C2A9923F40031B1C3 /* ListofTasksAddView.swift */; };
		E96F24552CA1CB5E00CF63EC /* PrepareParameters.swift in Sources */ = {isa = PBXBuildFile; fileRef = E96F24542CA1CB5100CF63EC /* PrepareParameters.swift */; };
		E9712FBC2602465D003842FD /* DeleteLogsView.swift in Sources */ = {isa = PBXBuildFile; fileRef = E9712FBB2602465D003842FD /* DeleteLogsView.swift */; };
		E985C5C725F3AC0700CB895C /* RsyncUIApp.swift in Sources */ = {isa = PBXBuildFile; fileRef = E985C5C625F3AC0700CB895C /* RsyncUIApp.swift */; };
		E985C5CE25F3AC0800CB895C /* Preview Assets.xcassets in Resources */ = {isa = PBXBuildFile; fileRef = E985C5CD25F3AC0800CB895C /* Preview Assets.xcassets */; };
		E985C65825F3AD8400CB895C /* SidebarSettingsView.swift in Sources */ = {isa = PBXBuildFile; fileRef = E985C60F25F3AD8400CB895C /* SidebarSettingsView.swift */; };
		E985C65D25F3AD8400CB895C /* Profilenames.swift in Sources */ = {isa = PBXBuildFile; fileRef = E985C61425F3AD8400CB895C /* Profilenames.swift */; };
		E985C66225F3AD8400CB895C /* Sshsettings.swift in Sources */ = {isa = PBXBuildFile; fileRef = E985C61B25F3AD8400CB895C /* Sshsettings.swift */; };
		E985C66425F3AD8400CB895C /* Environmentsettings.swift in Sources */ = {isa = PBXBuildFile; fileRef = E985C61D25F3AD8400CB895C /* Environmentsettings.swift */; };
		E985C66725F3AD8400CB895C /* Viewmodifiers.swift in Sources */ = {isa = PBXBuildFile; fileRef = E985C62225F3AD8400CB895C /* Viewmodifiers.swift */; };
		E985C66B25F3AD8400CB895C /* SnapshotListView.swift in Sources */ = {isa = PBXBuildFile; fileRef = E985C62825F3AD8400CB895C /* SnapshotListView.swift */; };
		E985C66C25F3AD8400CB895C /* SnapshotsView.swift in Sources */ = {isa = PBXBuildFile; fileRef = E985C62925F3AD8400CB895C /* SnapshotsView.swift */; };
		E985C67A25F3AD8400CB895C /* RsyncCommandView.swift in Sources */ = {isa = PBXBuildFile; fileRef = E985C63925F3AD8400CB895C /* RsyncCommandView.swift */; };
		E985C67B25F3AD8400CB895C /* AboutView.swift in Sources */ = {isa = PBXBuildFile; fileRef = E985C63B25F3AD8400CB895C /* AboutView.swift */; };
		E985C68725F3AD8400CB895C /* EditValue.swift in Sources */ = {isa = PBXBuildFile; fileRef = E985C64A25F3AD8400CB895C /* EditValue.swift */; };
		E985C72725F3AD9700CB895C /* CatalogForProfile.swift in Sources */ = {isa = PBXBuildFile; fileRef = E985C69625F3AD9600CB895C /* CatalogForProfile.swift */; };
		E985C72B25F3AD9700CB895C /* TagSnapshots.swift in Sources */ = {isa = PBXBuildFile; fileRef = E985C69B25F3AD9600CB895C /* TagSnapshots.swift */; };
		E985C72C25F3AD9700CB895C /* SnapshotData.swift in Sources */ = {isa = PBXBuildFile; fileRef = E985C69C25F3AD9600CB895C /* SnapshotData.swift */; };
		E985C72D25F3AD9700CB895C /* Snapshotlogsandcatalogs.swift in Sources */ = {isa = PBXBuildFile; fileRef = E985C69D25F3AD9600CB895C /* Snapshotlogsandcatalogs.swift */; };
		E985C73225F3AD9700CB895C /* GetfullpathforRsync.swift in Sources */ = {isa = PBXBuildFile; fileRef = E985C6A525F3AD9600CB895C /* GetfullpathforRsync.swift */; };
		E985C73325F3AD9700CB895C /* MyEnvironment.swift in Sources */ = {isa = PBXBuildFile; fileRef = E985C6A625F3AD9600CB895C /* MyEnvironment.swift */; };
		E985C73425F3AD9700CB895C /* RsyncCommandtoDisplay.swift in Sources */ = {isa = PBXBuildFile; fileRef = E985C6A725F3AD9600CB895C /* RsyncCommandtoDisplay.swift */; };
		E985C73525F3AD9700CB895C /* Backupconfigfiles.swift in Sources */ = {isa = PBXBuildFile; fileRef = E985C6A825F3AD9600CB895C /* Backupconfigfiles.swift */; };
		E985C73625F3AD9700CB895C /* SetandValidatepathforrsync.swift in Sources */ = {isa = PBXBuildFile; fileRef = E985C6A925F3AD9600CB895C /* SetandValidatepathforrsync.swift */; };
		E985C73725F3AD9700CB895C /* extensionDate.swift in Sources */ = {isa = PBXBuildFile; fileRef = E985C6AA25F3AD9600CB895C /* extensionDate.swift */; };
		E985C73B25F3AD9700CB895C /* yudpsocket.c in Sources */ = {isa = PBXBuildFile; fileRef = E985C6AF25F3AD9600CB895C /* yudpsocket.c */; };
		E985C73C25F3AD9700CB895C /* ytcpsocket.c in Sources */ = {isa = PBXBuildFile; fileRef = E985C6B025F3AD9600CB895C /* ytcpsocket.c */; };
		E985C73D25F3AD9700CB895C /* ResultYTP.swift in Sources */ = {isa = PBXBuildFile; fileRef = E985C6B125F3AD9600CB895C /* ResultYTP.swift */; };
		E985C73E25F3AD9700CB895C /* ytcpsocket.swift in Sources */ = {isa = PBXBuildFile; fileRef = E985C6B325F3AD9600CB895C /* ytcpsocket.swift */; };
		E985C73F25F3AD9700CB895C /* Socket.swift in Sources */ = {isa = PBXBuildFile; fileRef = E985C6B425F3AD9600CB895C /* Socket.swift */; };
		E985C74025F3AD9700CB895C /* TCPconnections.swift in Sources */ = {isa = PBXBuildFile; fileRef = E985C6B525F3AD9600CB895C /* TCPconnections.swift */; };
		E985C74225F3AD9700CB895C /* Macserialnumber.swift in Sources */ = {isa = PBXBuildFile; fileRef = E985C6B725F3AD9600CB895C /* Macserialnumber.swift */; };
		E985C74325F3AD9700CB895C /* Resources.swift in Sources */ = {isa = PBXBuildFile; fileRef = E985C6B825F3AD9600CB895C /* Resources.swift */; };
		E985C75025F3AD9700CB895C /* DecodeLogRecords.swift in Sources */ = {isa = PBXBuildFile; fileRef = E985C6C825F3AD9600CB895C /* DecodeLogRecords.swift */; };
		E985C75125F3AD9700CB895C /* DecodeSynchronizeConfiguration.swift in Sources */ = {isa = PBXBuildFile; fileRef = E985C6C925F3AD9600CB895C /* DecodeSynchronizeConfiguration.swift */; };
		E985C75525F3AD9700CB895C /* LogRecords.swift in Sources */ = {isa = PBXBuildFile; fileRef = E985C6CD25F3AD9600CB895C /* LogRecords.swift */; };
		E985C75925F3AD9700CB895C /* SynchronizeConfiguration.swift in Sources */ = {isa = PBXBuildFile; fileRef = E985C6D125F3AD9600CB895C /* SynchronizeConfiguration.swift */; };
		E985C76225F3AD9700CB895C /* SshKeys.swift in Sources */ = {isa = PBXBuildFile; fileRef = E985C6DD25F3AD9600CB895C /* SshKeys.swift */; };
		E985C76525F3AD9700CB895C /* ExecuteMultipleTasks.swift in Sources */ = {isa = PBXBuildFile; fileRef = E985C6E325F3AD9600CB895C /* ExecuteMultipleTasks.swift */; };
		E985C76625F3AD9700CB895C /* ExecuteState.swift in Sources */ = {isa = PBXBuildFile; fileRef = E985C6E425F3AD9600CB895C /* ExecuteState.swift */; };
		E985C76725F3AD9700CB895C /* ExecuteOneTask.swift in Sources */ = {isa = PBXBuildFile; fileRef = E985C6E525F3AD9600CB895C /* ExecuteOneTask.swift */; };
		E985C76C25F3AD9700CB895C /* RemoteDataNumbers.swift in Sources */ = {isa = PBXBuildFile; fileRef = E985C6EC25F3AD9600CB895C /* RemoteDataNumbers.swift */; };
		E985C76E25F3AD9700CB895C /* EstimateState.swift in Sources */ = {isa = PBXBuildFile; fileRef = E985C6EE25F3AD9600CB895C /* EstimateState.swift */; };
		E985C77025F3AD9700CB895C /* EstimateProgressDetails.swift in Sources */ = {isa = PBXBuildFile; fileRef = E985C6F125F3AD9600CB895C /* EstimateProgressDetails.swift */; };
		E985C77125F3AD9700CB895C /* ExecuteProgressDetails.swift in Sources */ = {isa = PBXBuildFile; fileRef = E985C6F225F3AD9700CB895C /* ExecuteProgressDetails.swift */; };
		E985C77225F3AD9700CB895C /* Logfile.swift in Sources */ = {isa = PBXBuildFile; fileRef = E985C6F425F3AD9700CB895C /* Logfile.swift */; };
		E985C77325F3AD9700CB895C /* ArgumentsVerify.swift in Sources */ = {isa = PBXBuildFile; fileRef = E985C6F625F3AD9700CB895C /* ArgumentsVerify.swift */; };
		E985C77625F3AD9700CB895C /* ArgumentsSynchronize.swift in Sources */ = {isa = PBXBuildFile; fileRef = E985C6F925F3AD9700CB895C /* ArgumentsSynchronize.swift */; };
		E985C77725F3AD9700CB895C /* ArgumentsRestore.swift in Sources */ = {isa = PBXBuildFile; fileRef = E985C6FA25F3AD9700CB895C /* ArgumentsRestore.swift */; };
		E985C77925F3AD9700CB895C /* ArgumentsSnapshotDeleteCatalogs.swift in Sources */ = {isa = PBXBuildFile; fileRef = E985C6FD25F3AD9700CB895C /* ArgumentsSnapshotDeleteCatalogs.swift */; };
		E985C77E25F3AD9700CB895C /* ArgumentsSnapshotCreateCatalog.swift in Sources */ = {isa = PBXBuildFile; fileRef = E985C70225F3AD9700CB895C /* ArgumentsSnapshotCreateCatalog.swift */; };
		E985C77F25F3AD9700CB895C /* MultipletasksPrimaryLogging.swift in Sources */ = {isa = PBXBuildFile; fileRef = E985C70425F3AD9700CB895C /* MultipletasksPrimaryLogging.swift */; };
		E985C78125F3AD9700CB895C /* SingletaskPrimaryLogging.swift in Sources */ = {isa = PBXBuildFile; fileRef = E985C70625F3AD9700CB895C /* SingletaskPrimaryLogging.swift */; };
		E985C78425F3AD9700CB895C /* UpdateConfigurations.swift in Sources */ = {isa = PBXBuildFile; fileRef = E985C70B25F3AD9700CB895C /* UpdateConfigurations.swift */; };
		E985C78525F3AD9700CB895C /* VerifyConfiguration.swift in Sources */ = {isa = PBXBuildFile; fileRef = E985C70C25F3AD9700CB895C /* VerifyConfiguration.swift */; };
		E985C78C25F3AD9700CB895C /* RsyncUIconfigurations.swift in Sources */ = {isa = PBXBuildFile; fileRef = E985C71525F3AD9700CB895C /* RsyncUIconfigurations.swift */; };
		E985C79025F3AD9700CB895C /* SharedReference.swift in Sources */ = {isa = PBXBuildFile; fileRef = E985C71B25F3AD9700CB895C /* SharedReference.swift */; };
		E985C79125F3AD9700CB895C /* ObservableRsyncPathSetting.swift in Sources */ = {isa = PBXBuildFile; fileRef = E985C71C25F3AD9700CB895C /* ObservableRsyncPathSetting.swift */; };
		E985C79225F3AD9700CB895C /* Extensions.swift in Sources */ = {isa = PBXBuildFile; fileRef = E985C71D25F3AD9700CB895C /* Extensions.swift */; };
		E985C79325F3AD9700CB895C /* Rsyncversion.swift in Sources */ = {isa = PBXBuildFile; fileRef = E985C71F25F3AD9700CB895C /* Rsyncversion.swift */; };
		E985C79725F3AD9700CB895C /* InterruptProcess.swift in Sources */ = {isa = PBXBuildFile; fileRef = E985C72425F3AD9700CB895C /* InterruptProcess.swift */; };
		E98722202C1365F9006112CD /* DetailsView.swift in Sources */ = {isa = PBXBuildFile; fileRef = E987221F2C1365F8006112CD /* DetailsView.swift */; };
		E987648D2ADAD938001B4B7E /* Metal.framework in Frameworks */ = {isa = PBXBuildFile; fileRef = E987648C2ADAD938001B4B7E /* Metal.framework */; };
		E987CAA32C94057800C265D5 /* RsyncandPathsettings.swift in Sources */ = {isa = PBXBuildFile; fileRef = E987CAA22C94057800C265D5 /* RsyncandPathsettings.swift */; };
		E987CAA52C9405EC00C265D5 /* ObservableLogSettings.swift in Sources */ = {isa = PBXBuildFile; fileRef = E987CAA42C9405EC00C265D5 /* ObservableLogSettings.swift */; };
		E989EDC52CA13BD2002CC640 /* ProcessRsync.swift in Sources */ = {isa = PBXBuildFile; fileRef = E989EDC42CA13BD2002CC640 /* ProcessRsync.swift */; };
		E98C7AB5262D662200555977 /* ReadLogRecordsJSON.swift in Sources */ = {isa = PBXBuildFile; fileRef = E98C7AB4262D662200555977 /* ReadLogRecordsJSON.swift */; };
		E98C7ABA262D664900555977 /* ReadSynchronizeConfigurationJSON.swift in Sources */ = {isa = PBXBuildFile; fileRef = E98C7AB9262D664900555977 /* ReadSynchronizeConfigurationJSON.swift */; };
		E98F608D290D034300952149 /* ProcessCommand.swift in Sources */ = {isa = PBXBuildFile; fileRef = E98F608C290D034300952149 /* ProcessCommand.swift */; };
		E997613B271998BD007153DD /* RsyncUIlogrecords.swift in Sources */ = {isa = PBXBuildFile; fileRef = E997613A271998BD007153DD /* RsyncUIlogrecords.swift */; };
		E99A79552B0BA1A800D3244A /* RsyncDefaultParametersView.swift in Sources */ = {isa = PBXBuildFile; fileRef = E99A79542B0BA1A800D3244A /* RsyncDefaultParametersView.swift */; };
		E99A79572B0BA1C800D3244A /* RsyncParametersView.swift in Sources */ = {isa = PBXBuildFile; fileRef = E99A79562B0BA1C800D3244A /* RsyncParametersView.swift */; };
		E99B56302AFFAD1800D4AA5A /* OneTaskDetailsView.swift in Sources */ = {isa = PBXBuildFile; fileRef = E99B562F2AFFAD1800D4AA5A /* OneTaskDetailsView.swift */; };
		E99BE2342C4E677700BFE83F /* WriteExportConfigurationsJSON.swift in Sources */ = {isa = PBXBuildFile; fileRef = E99BE2332C4E677700BFE83F /* WriteExportConfigurationsJSON.swift */; };
		E99C2400261C322E009D4DBF /* ObservableRestore.swift in Sources */ = {isa = PBXBuildFile; fileRef = E99C23FF261C322E009D4DBF /* ObservableRestore.swift */; };
		E99CA2862CA2962A000C3A23 /* SSHPrepareParameters.swift in Sources */ = {isa = PBXBuildFile; fileRef = E99CA2852CA2961A000C3A23 /* SSHPrepareParameters.swift */; };
		E99DE0F926A32F8B00A08A69 /* Credits.rtf in Resources */ = {isa = PBXBuildFile; fileRef = E99DE0F826A32F8B00A08A69 /* Credits.rtf */; };
		E9A2AA7D2B31D0E800916896 /* EstimationInProgressView.swift in Sources */ = {isa = PBXBuildFile; fileRef = E9A2AA7C2B31D0E800916896 /* EstimationInProgressView.swift */; };
		E9A38E2C2B32CA8700D8445E /* AlertError.swift in Sources */ = {isa = PBXBuildFile; fileRef = E9A38E2B2B32CA8700D8445E /* AlertError.swift */; };
		E9A7F7142C0F6784001AC38F /* Logsettings.swift in Sources */ = {isa = PBXBuildFile; fileRef = E9A7F7132C0F6784001AC38F /* Logsettings.swift */; };
		E9AE41462AFF5A8A00F3D562 /* ExecuteEstimatedTasksView.swift in Sources */ = {isa = PBXBuildFile; fileRef = E9AE41452AFF5A8A00F3D562 /* ExecuteEstimatedTasksView.swift */; };
		E9AE41482AFF5AAA00F3D562 /* ExecuteNoestimatedTasksView.swift in Sources */ = {isa = PBXBuildFile; fileRef = E9AE41472AFF5AAA00F3D562 /* ExecuteNoestimatedTasksView.swift */; };
		E9B34967273AE658000B053E /* OpencatalogView.swift in Sources */ = {isa = PBXBuildFile; fileRef = E9B34966273AE658000B053E /* OpencatalogView.swift */; };
		E9B6B3E32AFFDE7500E12EB2 /* ListofTasksMainView.swift in Sources */ = {isa = PBXBuildFile; fileRef = E9B6B3E22AFFDE7500E12EB2 /* ListofTasksMainView.swift */; };
		E9B6BD352B120B840084BC8B /* NavigationLogfileView.swift in Sources */ = {isa = PBXBuildFile; fileRef = E9B6BD342B120B840084BC8B /* NavigationLogfileView.swift */; };
		E9B6DE0C2647AF810093A6D2 /* ConfirmDeleteProfileView.swift in Sources */ = {isa = PBXBuildFile; fileRef = E9B6DE0B2647AF810093A6D2 /* ConfirmDeleteProfileView.swift */; };
		E9BAB99D2C60A611008A1707 /* RsyncArguments in Frameworks */ = {isa = PBXBuildFile; productRef = E9BAB99C2C60A611008A1707 /* RsyncArguments */; };
		E9BB4F562903C00A00FEEA0A /* ExecuteTasksNOEstimation.swift in Sources */ = {isa = PBXBuildFile; fileRef = E9BB4F552903C00A00FEEA0A /* ExecuteTasksNOEstimation.swift */; };
		E9BC17EA2BD8042C0049641B /* OutputRsyncVerifyView.swift in Sources */ = {isa = PBXBuildFile; fileRef = E9BC17E92BD8042C0049641B /* OutputRsyncVerifyView.swift */; };
		E9BD14BD2642FDC200E29347 /* TrimOutputForRestore.swift in Sources */ = {isa = PBXBuildFile; fileRef = E9BD14BC2642FDC200E29347 /* TrimOutputForRestore.swift */; };
		E9BD14BF2642FE6300E29347 /* TrimOutputFromRsync.swift in Sources */ = {isa = PBXBuildFile; fileRef = E9BD14BE2642FE6300E29347 /* TrimOutputFromRsync.swift */; };
		E9C029292BFB872E00461AD3 /* CompletedView.swift in Sources */ = {isa = PBXBuildFile; fileRef = E9C029282BFB872E00461AD3 /* CompletedView.swift */; };
		E9C077762C8CCA65005F8669 /* ParseRsyncOutput in Frameworks */ = {isa = PBXBuildFile; productRef = E9C077752C8CCA65005F8669 /* ParseRsyncOutput */; };
		E9C1113A2BBD8DE30041CEA0 /* ConfigurationsTableDataView.swift in Sources */ = {isa = PBXBuildFile; fileRef = E9C111392BBD8DE30041CEA0 /* ConfigurationsTableDataView.swift */; };
		E9C8E0CC2B2D9BB50083D1CC /* SidebarLogsView.swift in Sources */ = {isa = PBXBuildFile; fileRef = E9C8E0CB2B2D9BB50083D1CC /* SidebarLogsView.swift */; };
		E9C9306725FEA1CF0049A76B /* ObservableSSH.swift in Sources */ = {isa = PBXBuildFile; fileRef = E9C9306625FEA1CF0049A76B /* ObservableSSH.swift */; };
		E9D1AFE62A2E49B600AD8125 /* ListofTasksLightView.swift in Sources */ = {isa = PBXBuildFile; fileRef = E9D1AFE52A2E49B600AD8125 /* ListofTasksLightView.swift */; };
		E9D317D02B3C09B9000B8FC9 /* HomeCatalogsView.swift in Sources */ = {isa = PBXBuildFile; fileRef = E9D317CF2B3C09B9000B8FC9 /* HomeCatalogsView.swift */; };
		E9D5D196264A9E8600CCD8BB /* DeleteSnapshots.swift in Sources */ = {isa = PBXBuildFile; fileRef = E9D5D195264A9E8600CCD8BB /* DeleteSnapshots.swift */; };
		E9DE0EFA2C7D98E100836EA3 /* RecordsSnapshot.swift in Sources */ = {isa = PBXBuildFile; fileRef = E9DE0EF92C7D98E100836EA3 /* RecordsSnapshot.swift */; };
		E9DE0EFC2C7D9F0F00836EA3 /* ArgumentsSnapshotRemoteCatalogs.swift in Sources */ = {isa = PBXBuildFile; fileRef = E9DE0EFB2C7D9F0F00836EA3 /* ArgumentsSnapshotRemoteCatalogs.swift */; };
		E9E9CD2526779E2600EB377B /* ExecuteCommands.swift in Sources */ = {isa = PBXBuildFile; fileRef = E9E9CD2426779E2600EB377B /* ExecuteCommands.swift */; };
		E9ED8A5E2C4D6CEF00D3B2DD /* ExportView.swift in Sources */ = {isa = PBXBuildFile; fileRef = E9ED8A5D2C4D6CEF00D3B2DD /* ExportView.swift */; };
		E9ED8A602C4D6D0D00D3B2DD /* ImportView.swift in Sources */ = {isa = PBXBuildFile; fileRef = E9ED8A5F2C4D6D0D00D3B2DD /* ImportView.swift */; };
		E9F5354C290185AA007EFAE7 /* EstimateTasks.swift in Sources */ = {isa = PBXBuildFile; fileRef = E9F5354B290185AA007EFAE7 /* EstimateTasks.swift */; };
		E9FBE7912A51C5CA0038B82D /* LogRecordSnapshot.swift in Sources */ = {isa = PBXBuildFile; fileRef = E9FBE7902A51C5CA0038B82D /* LogRecordSnapshot.swift */; };
		E9FBF40D291AFB7000AAAC40 /* SnapshotCommands.swift in Sources */ = {isa = PBXBuildFile; fileRef = E9FBF40C291AFB7000AAAC40 /* SnapshotCommands.swift */; };
		E9FDDD4925F3D0610050718C /* Assets.xcassets in Resources */ = {isa = PBXBuildFile; fileRef = E9FDDD4825F3D0610050718C /* Assets.xcassets */; };
		E9FF19022BBD272900534DF2 /* ConfigurationsTableDataMainView.swift in Sources */ = {isa = PBXBuildFile; fileRef = E9FF19012BBD272900534DF2 /* ConfigurationsTableDataMainView.swift */; };
/* End PBXBuildFile section */

/* Begin PBXFileReference section */
		E801DC652637FD990060723F /* WriteSynchronizeConfigurationJSON.swift */ = {isa = PBXFileReference; lastKnownFileType = sourcecode.swift; path = WriteSynchronizeConfigurationJSON.swift; sourceTree = "<group>"; };
		E8518C79263807F200128796 /* WriteLogRecordsJSON.swift */ = {isa = PBXFileReference; lastKnownFileType = sourcecode.swift; path = WriteLogRecordsJSON.swift; sourceTree = "<group>"; };
		E8902992260B0EF700F4F0DC /* ButtonStyles.swift */ = {isa = PBXFileReference; lastKnownFileType = sourcecode.swift; path = ButtonStyles.swift; sourceTree = "<group>"; };
		E8944891267B2CB0009F9C4A /* RsyncUIView.swift */ = {isa = PBXFileReference; lastKnownFileType = sourcecode.swift; path = RsyncUIView.swift; sourceTree = "<group>"; };
		E902346A2C4F7AA100595967 /* ReadImportConfigurationsJSON.swift */ = {isa = PBXFileReference; lastKnownFileType = sourcecode.swift; path = ReadImportConfigurationsJSON.swift; sourceTree = "<group>"; };
		E902C10E27B836CC00A75D7A /* WriteUserConfigurationJSON.swift */ = {isa = PBXFileReference; lastKnownFileType = sourcecode.swift; path = WriteUserConfigurationJSON.swift; sourceTree = "<group>"; };
		E904C0D22CB9104200B69D94 /* ProfilesToUpdataView.swift */ = {isa = PBXFileReference; lastKnownFileType = sourcecode.swift; path = ProfilesToUpdataView.swift; sourceTree = "<group>"; };
		E90B19032C63B40700B3FC35 /* ArgumentsRemoteFileList.swift */ = {isa = PBXFileReference; lastKnownFileType = sourcecode.swift; path = ArgumentsRemoteFileList.swift; sourceTree = "<group>"; };
		E90B5FAC2C981BDC00C744DB /* ArgumentsView.swift */ = {isa = PBXFileReference; lastKnownFileType = sourcecode.swift; path = ArgumentsView.swift; sourceTree = "<group>"; };
		E90B5FAE2C981FA600C744DB /* OtherRsyncCommandsView.swift */ = {isa = PBXFileReference; lastKnownFileType = sourcecode.swift; path = OtherRsyncCommandsView.swift; sourceTree = "<group>"; };
		E90B5FB02C98202100C744DB /* OtherRsyncCommandtoDisplay.swift */ = {isa = PBXFileReference; lastKnownFileType = sourcecode.swift; path = OtherRsyncCommandtoDisplay.swift; sourceTree = "<group>"; };
		E91CE3BD2CC7C684006A8498 /* SnapshotRemoteCatalogs.swift */ = {isa = PBXFileReference; lastKnownFileType = sourcecode.swift; path = SnapshotRemoteCatalogs.swift; sourceTree = "<group>"; };
		E927447429407F8C009DAC1C /* CheckfornewversionofRsyncUI.swift */ = {isa = PBXFileReference; lastKnownFileType = sourcecode.swift; path = CheckfornewversionofRsyncUI.swift; sourceTree = "<group>"; };
		E931ED952B0C82BB000BEF56 /* QuicktaskView.swift */ = {isa = PBXFileReference; lastKnownFileType = sourcecode.swift; path = QuicktaskView.swift; sourceTree = "<group>"; };
		E9359B9926691EFD00D40C43 /* ObservableAddConfigurations.swift */ = {isa = PBXFileReference; lastKnownFileType = sourcecode.swift; path = ObservableAddConfigurations.swift; sourceTree = "<group>"; };
		E936D5FF2C8ACABC00428191 /* ObservableProfiles.swift */ = {isa = PBXFileReference; lastKnownFileType = sourcecode.swift; path = ObservableProfiles.swift; sourceTree = "<group>"; };
		E93878C22B27355A009574CD /* AddTaskView.swift */ = {isa = PBXFileReference; lastKnownFileType = sourcecode.swift; path = AddTaskView.swift; sourceTree = "<group>"; };
		E93CC3FE2A68218200DB02EB /* ListofTasksView.swift */ = {isa = PBXFileReference; lastKnownFileType = sourcecode.swift; path = ListofTasksView.swift; sourceTree = "<group>"; };
		E93CC5722C4D4974000F8963 /* ImportExportCommands.swift */ = {isa = PBXFileReference; lastKnownFileType = sourcecode.swift; path = ImportExportCommands.swift; sourceTree = "<group>"; };
		E93D3B172AFA541D0056DC55 /* LogsbyConfigurationView.swift */ = {isa = PBXFileReference; fileEncoding = 4; lastKnownFileType = sourcecode.swift; path = LogsbyConfigurationView.swift; sourceTree = "<group>"; };
		E93D7B7C26CD920D00E290A1 /* ObservableParametersDefault.swift */ = {isa = PBXFileReference; lastKnownFileType = sourcecode.swift; path = ObservableParametersDefault.swift; sourceTree = "<group>"; };
		E9493E4C2BF4DB8B00512A8A /* ObservableOutputfromrsync.swift */ = {isa = PBXFileReference; lastKnownFileType = sourcecode.swift; path = ObservableOutputfromrsync.swift; sourceTree = "<group>"; };
		E94E1E1B2A2DAA3E00011FED /* RestoreFilesTableView.swift */ = {isa = PBXFileReference; lastKnownFileType = sourcecode.swift; path = RestoreFilesTableView.swift; sourceTree = "<group>"; };
		E94F8337272E7ABA00D3924B /* en */ = {isa = PBXFileReference; lastKnownFileType = text.plist.strings; name = en; path = en.lproj/Localizable.strings; sourceTree = "<group>"; };
		E954AD3E2AFE8F3800F3EA63 /* SidebarTasksView.swift */ = {isa = PBXFileReference; lastKnownFileType = sourcecode.swift; path = SidebarTasksView.swift; sourceTree = "<group>"; };
		E954AD402AFE8FBB00F3EA63 /* SummarizedDetailsView.swift */ = {isa = PBXFileReference; lastKnownFileType = sourcecode.swift; path = SummarizedDetailsView.swift; sourceTree = "<group>"; };
		E954AD422AFE901200F3EA63 /* TasksView.swift */ = {isa = PBXFileReference; lastKnownFileType = sourcecode.swift; path = TasksView.swift; sourceTree = "<group>"; };
		E9569EA827B809EE0038799C /* ReadUserConfigurationJSON.swift */ = {isa = PBXFileReference; lastKnownFileType = sourcecode.swift; path = ReadUserConfigurationJSON.swift; sourceTree = "<group>"; };
		E9569EAA27B80BEB0038799C /* UserConfiguration.swift */ = {isa = PBXFileReference; lastKnownFileType = sourcecode.swift; path = UserConfiguration.swift; sourceTree = "<group>"; };
		E9569EAC27B80C220038799C /* DecodeUserConfiguration.swift */ = {isa = PBXFileReference; lastKnownFileType = sourcecode.swift; path = DecodeUserConfiguration.swift; sourceTree = "<group>"; };
		E956D3772B0C88B9008B190F /* RestoreTableView.swift */ = {isa = PBXFileReference; lastKnownFileType = sourcecode.swift; path = RestoreTableView.swift; sourceTree = "<group>"; };
		E9585F832CAFB60E00D037DA /* ObservableRsyncOutput.swift */ = {isa = PBXFileReference; lastKnownFileType = sourcecode.swift; path = ObservableRsyncOutput.swift; sourceTree = "<group>"; };
		E95BD4622C29A9AA00E1C175 /* Homepath.swift */ = {isa = PBXFileReference; lastKnownFileType = sourcecode.swift; path = Homepath.swift; sourceTree = "<group>"; };
		E95EDC7E26063CAA000018DE /* EditRsyncParameter.swift */ = {isa = PBXFileReference; lastKnownFileType = sourcecode.swift; path = EditRsyncParameter.swift; sourceTree = "<group>"; };
		E95EDC8926063EAA000018DE /* ObservableParametersRsync.swift */ = {isa = PBXFileReference; lastKnownFileType = sourcecode.swift; path = ObservableParametersRsync.swift; sourceTree = "<group>"; };
		E96036032B288CB600438D8B /* SidebarMainView.swift */ = {isa = PBXFileReference; lastKnownFileType = sourcecode.swift; path = SidebarMainView.swift; sourceTree = "<group>"; };
		E961D0502BEC8CE300CBF9B1 /* ProfileView.swift */ = {isa = PBXFileReference; lastKnownFileType = sourcecode.swift; path = ProfileView.swift; sourceTree = "<group>"; };
		E96223942B0BDA7E00C40578 /* OutputRsyncView.swift */ = {isa = PBXFileReference; lastKnownFileType = sourcecode.swift; path = OutputRsyncView.swift; sourceTree = "<group>"; };
		E965D9B727E1C2E7005EFDBB /* UpdateLogs.swift */ = {isa = PBXFileReference; fileEncoding = 4; lastKnownFileType = sourcecode.swift; path = UpdateLogs.swift; sourceTree = "<group>"; };
		E969669D2B49AEA90054E6C6 /* ExecuteNoEstimationProgressDetails.swift */ = {isa = PBXFileReference; lastKnownFileType = sourcecode.swift; path = ExecuteNoEstimationProgressDetails.swift; sourceTree = "<group>"; };
		E96A165D272E735F00B95D3D /* de */ = {isa = PBXFileReference; lastKnownFileType = text.plist.strings; name = de; path = de.lproj/Localizable.strings; sourceTree = "<group>"; };
		E96A165F272E737000B95D3D /* nb */ = {isa = PBXFileReference; lastKnownFileType = text.plist.strings; name = nb; path = nb.lproj/Localizable.strings; sourceTree = "<group>"; };
		E96AA40C2A9923F40031B1C3 /* ListofTasksAddView.swift */ = {isa = PBXFileReference; lastKnownFileType = sourcecode.swift; path = ListofTasksAddView.swift; sourceTree = "<group>"; };
		E96F24542CA1CB5100CF63EC /* PrepareParameters.swift */ = {isa = PBXFileReference; lastKnownFileType = sourcecode.swift; path = PrepareParameters.swift; sourceTree = "<group>"; };
		E9712FBB2602465D003842FD /* DeleteLogsView.swift */ = {isa = PBXFileReference; lastKnownFileType = sourcecode.swift; path = DeleteLogsView.swift; sourceTree = "<group>"; };
		E985C5C325F3AC0700CB895C /* RsyncUI.app */ = {isa = PBXFileReference; explicitFileType = wrapper.application; includeInIndex = 0; path = RsyncUI.app; sourceTree = BUILT_PRODUCTS_DIR; };
		E985C5C625F3AC0700CB895C /* RsyncUIApp.swift */ = {isa = PBXFileReference; lastKnownFileType = sourcecode.swift; path = RsyncUIApp.swift; sourceTree = "<group>"; };
		E985C5CD25F3AC0800CB895C /* Preview Assets.xcassets */ = {isa = PBXFileReference; lastKnownFileType = folder.assetcatalog; path = "Preview Assets.xcassets"; sourceTree = "<group>"; };
		E985C5D225F3AC0800CB895C /* Info.plist */ = {isa = PBXFileReference; lastKnownFileType = text.plist.xml; path = Info.plist; sourceTree = "<group>"; };
		E985C5D325F3AC0800CB895C /* RsyncUI.entitlements */ = {isa = PBXFileReference; lastKnownFileType = text.plist.entitlements; path = RsyncUI.entitlements; sourceTree = "<group>"; };
		E985C60F25F3AD8400CB895C /* SidebarSettingsView.swift */ = {isa = PBXFileReference; fileEncoding = 4; lastKnownFileType = sourcecode.swift; path = SidebarSettingsView.swift; sourceTree = "<group>"; };
		E985C61425F3AD8400CB895C /* Profilenames.swift */ = {isa = PBXFileReference; fileEncoding = 4; lastKnownFileType = sourcecode.swift; path = Profilenames.swift; sourceTree = "<group>"; };
		E985C61B25F3AD8400CB895C /* Sshsettings.swift */ = {isa = PBXFileReference; fileEncoding = 4; lastKnownFileType = sourcecode.swift; path = Sshsettings.swift; sourceTree = "<group>"; };
		E985C61D25F3AD8400CB895C /* Environmentsettings.swift */ = {isa = PBXFileReference; fileEncoding = 4; lastKnownFileType = sourcecode.swift; path = Environmentsettings.swift; sourceTree = "<group>"; };
		E985C62225F3AD8400CB895C /* Viewmodifiers.swift */ = {isa = PBXFileReference; fileEncoding = 4; lastKnownFileType = sourcecode.swift; path = Viewmodifiers.swift; sourceTree = "<group>"; };
		E985C62825F3AD8400CB895C /* SnapshotListView.swift */ = {isa = PBXFileReference; fileEncoding = 4; lastKnownFileType = sourcecode.swift; path = SnapshotListView.swift; sourceTree = "<group>"; };
		E985C62925F3AD8400CB895C /* SnapshotsView.swift */ = {isa = PBXFileReference; fileEncoding = 4; lastKnownFileType = sourcecode.swift; path = SnapshotsView.swift; sourceTree = "<group>"; };
		E985C63925F3AD8400CB895C /* RsyncCommandView.swift */ = {isa = PBXFileReference; fileEncoding = 4; lastKnownFileType = sourcecode.swift; path = RsyncCommandView.swift; sourceTree = "<group>"; };
		E985C63B25F3AD8400CB895C /* AboutView.swift */ = {isa = PBXFileReference; fileEncoding = 4; lastKnownFileType = sourcecode.swift; path = AboutView.swift; sourceTree = "<group>"; };
		E985C64A25F3AD8400CB895C /* EditValue.swift */ = {isa = PBXFileReference; fileEncoding = 4; lastKnownFileType = sourcecode.swift; path = EditValue.swift; sourceTree = "<group>"; };
		E985C69625F3AD9600CB895C /* CatalogForProfile.swift */ = {isa = PBXFileReference; fileEncoding = 4; lastKnownFileType = sourcecode.swift; path = CatalogForProfile.swift; sourceTree = "<group>"; };
		E985C69B25F3AD9600CB895C /* TagSnapshots.swift */ = {isa = PBXFileReference; fileEncoding = 4; lastKnownFileType = sourcecode.swift; path = TagSnapshots.swift; sourceTree = "<group>"; };
		E985C69C25F3AD9600CB895C /* SnapshotData.swift */ = {isa = PBXFileReference; fileEncoding = 4; lastKnownFileType = sourcecode.swift; path = SnapshotData.swift; sourceTree = "<group>"; };
		E985C69D25F3AD9600CB895C /* Snapshotlogsandcatalogs.swift */ = {isa = PBXFileReference; fileEncoding = 4; lastKnownFileType = sourcecode.swift; path = Snapshotlogsandcatalogs.swift; sourceTree = "<group>"; };
		E985C6A525F3AD9600CB895C /* GetfullpathforRsync.swift */ = {isa = PBXFileReference; fileEncoding = 4; lastKnownFileType = sourcecode.swift; path = GetfullpathforRsync.swift; sourceTree = "<group>"; };
		E985C6A625F3AD9600CB895C /* MyEnvironment.swift */ = {isa = PBXFileReference; fileEncoding = 4; lastKnownFileType = sourcecode.swift; path = MyEnvironment.swift; sourceTree = "<group>"; };
		E985C6A725F3AD9600CB895C /* RsyncCommandtoDisplay.swift */ = {isa = PBXFileReference; fileEncoding = 4; lastKnownFileType = sourcecode.swift; path = RsyncCommandtoDisplay.swift; sourceTree = "<group>"; };
		E985C6A825F3AD9600CB895C /* Backupconfigfiles.swift */ = {isa = PBXFileReference; fileEncoding = 4; lastKnownFileType = sourcecode.swift; path = Backupconfigfiles.swift; sourceTree = "<group>"; };
		E985C6A925F3AD9600CB895C /* SetandValidatepathforrsync.swift */ = {isa = PBXFileReference; fileEncoding = 4; lastKnownFileType = sourcecode.swift; path = SetandValidatepathforrsync.swift; sourceTree = "<group>"; };
		E985C6AA25F3AD9600CB895C /* extensionDate.swift */ = {isa = PBXFileReference; fileEncoding = 4; lastKnownFileType = sourcecode.swift; path = extensionDate.swift; sourceTree = "<group>"; };
		E985C6AF25F3AD9600CB895C /* yudpsocket.c */ = {isa = PBXFileReference; fileEncoding = 4; lastKnownFileType = sourcecode.c.c; path = yudpsocket.c; sourceTree = "<group>"; };
		E985C6B025F3AD9600CB895C /* ytcpsocket.c */ = {isa = PBXFileReference; fileEncoding = 4; lastKnownFileType = sourcecode.c.c; path = ytcpsocket.c; sourceTree = "<group>"; };
		E985C6B125F3AD9600CB895C /* ResultYTP.swift */ = {isa = PBXFileReference; fileEncoding = 4; lastKnownFileType = sourcecode.swift; path = ResultYTP.swift; sourceTree = "<group>"; };
		E985C6B225F3AD9600CB895C /* RsyncSwiftUI-Bridging-Header.h */ = {isa = PBXFileReference; fileEncoding = 4; lastKnownFileType = sourcecode.c.h; path = "RsyncSwiftUI-Bridging-Header.h"; sourceTree = "<group>"; };
		E985C6B325F3AD9600CB895C /* ytcpsocket.swift */ = {isa = PBXFileReference; fileEncoding = 4; lastKnownFileType = sourcecode.swift; path = ytcpsocket.swift; sourceTree = "<group>"; };
		E985C6B425F3AD9600CB895C /* Socket.swift */ = {isa = PBXFileReference; fileEncoding = 4; lastKnownFileType = sourcecode.swift; path = Socket.swift; sourceTree = "<group>"; };
		E985C6B525F3AD9600CB895C /* TCPconnections.swift */ = {isa = PBXFileReference; fileEncoding = 4; lastKnownFileType = sourcecode.swift; path = TCPconnections.swift; sourceTree = "<group>"; };
		E985C6B725F3AD9600CB895C /* Macserialnumber.swift */ = {isa = PBXFileReference; fileEncoding = 4; lastKnownFileType = sourcecode.swift; path = Macserialnumber.swift; sourceTree = "<group>"; };
		E985C6B825F3AD9600CB895C /* Resources.swift */ = {isa = PBXFileReference; fileEncoding = 4; lastKnownFileType = sourcecode.swift; path = Resources.swift; sourceTree = "<group>"; };
		E985C6C825F3AD9600CB895C /* DecodeLogRecords.swift */ = {isa = PBXFileReference; fileEncoding = 4; lastKnownFileType = sourcecode.swift; path = DecodeLogRecords.swift; sourceTree = "<group>"; };
		E985C6C925F3AD9600CB895C /* DecodeSynchronizeConfiguration.swift */ = {isa = PBXFileReference; fileEncoding = 4; lastKnownFileType = sourcecode.swift; path = DecodeSynchronizeConfiguration.swift; sourceTree = "<group>"; };
		E985C6CD25F3AD9600CB895C /* LogRecords.swift */ = {isa = PBXFileReference; fileEncoding = 4; lastKnownFileType = sourcecode.swift; path = LogRecords.swift; sourceTree = "<group>"; };
		E985C6D125F3AD9600CB895C /* SynchronizeConfiguration.swift */ = {isa = PBXFileReference; fileEncoding = 4; lastKnownFileType = sourcecode.swift; path = SynchronizeConfiguration.swift; sourceTree = "<group>"; };
		E985C6DD25F3AD9600CB895C /* SshKeys.swift */ = {isa = PBXFileReference; fileEncoding = 4; lastKnownFileType = sourcecode.swift; path = SshKeys.swift; sourceTree = "<group>"; };
		E985C6E325F3AD9600CB895C /* ExecuteMultipleTasks.swift */ = {isa = PBXFileReference; fileEncoding = 4; lastKnownFileType = sourcecode.swift; path = ExecuteMultipleTasks.swift; sourceTree = "<group>"; };
		E985C6E425F3AD9600CB895C /* ExecuteState.swift */ = {isa = PBXFileReference; fileEncoding = 4; lastKnownFileType = sourcecode.swift; path = ExecuteState.swift; sourceTree = "<group>"; };
		E985C6E525F3AD9600CB895C /* ExecuteOneTask.swift */ = {isa = PBXFileReference; fileEncoding = 4; lastKnownFileType = sourcecode.swift; path = ExecuteOneTask.swift; sourceTree = "<group>"; };
		E985C6EC25F3AD9600CB895C /* RemoteDataNumbers.swift */ = {isa = PBXFileReference; fileEncoding = 4; lastKnownFileType = sourcecode.swift; path = RemoteDataNumbers.swift; sourceTree = "<group>"; };
		E985C6EE25F3AD9600CB895C /* EstimateState.swift */ = {isa = PBXFileReference; fileEncoding = 4; lastKnownFileType = sourcecode.swift; path = EstimateState.swift; sourceTree = "<group>"; };
		E985C6F125F3AD9600CB895C /* EstimateProgressDetails.swift */ = {isa = PBXFileReference; fileEncoding = 4; lastKnownFileType = sourcecode.swift; path = EstimateProgressDetails.swift; sourceTree = "<group>"; };
		E985C6F225F3AD9700CB895C /* ExecuteProgressDetails.swift */ = {isa = PBXFileReference; fileEncoding = 4; lastKnownFileType = sourcecode.swift; path = ExecuteProgressDetails.swift; sourceTree = "<group>"; };
		E985C6F425F3AD9700CB895C /* Logfile.swift */ = {isa = PBXFileReference; fileEncoding = 4; lastKnownFileType = sourcecode.swift; path = Logfile.swift; sourceTree = "<group>"; };
		E985C6F625F3AD9700CB895C /* ArgumentsVerify.swift */ = {isa = PBXFileReference; fileEncoding = 4; lastKnownFileType = sourcecode.swift; path = ArgumentsVerify.swift; sourceTree = "<group>"; };
		E985C6F925F3AD9700CB895C /* ArgumentsSynchronize.swift */ = {isa = PBXFileReference; fileEncoding = 4; lastKnownFileType = sourcecode.swift; path = ArgumentsSynchronize.swift; sourceTree = "<group>"; };
		E985C6FA25F3AD9700CB895C /* ArgumentsRestore.swift */ = {isa = PBXFileReference; fileEncoding = 4; lastKnownFileType = sourcecode.swift; path = ArgumentsRestore.swift; sourceTree = "<group>"; };
		E985C6FD25F3AD9700CB895C /* ArgumentsSnapshotDeleteCatalogs.swift */ = {isa = PBXFileReference; fileEncoding = 4; lastKnownFileType = sourcecode.swift; path = ArgumentsSnapshotDeleteCatalogs.swift; sourceTree = "<group>"; };
		E985C70225F3AD9700CB895C /* ArgumentsSnapshotCreateCatalog.swift */ = {isa = PBXFileReference; fileEncoding = 4; lastKnownFileType = sourcecode.swift; path = ArgumentsSnapshotCreateCatalog.swift; sourceTree = "<group>"; };
		E985C70425F3AD9700CB895C /* MultipletasksPrimaryLogging.swift */ = {isa = PBXFileReference; fileEncoding = 4; lastKnownFileType = sourcecode.swift; path = MultipletasksPrimaryLogging.swift; sourceTree = "<group>"; };
		E985C70625F3AD9700CB895C /* SingletaskPrimaryLogging.swift */ = {isa = PBXFileReference; fileEncoding = 4; lastKnownFileType = sourcecode.swift; path = SingletaskPrimaryLogging.swift; sourceTree = "<group>"; };
		E985C70B25F3AD9700CB895C /* UpdateConfigurations.swift */ = {isa = PBXFileReference; fileEncoding = 4; lastKnownFileType = sourcecode.swift; path = UpdateConfigurations.swift; sourceTree = "<group>"; };
		E985C70C25F3AD9700CB895C /* VerifyConfiguration.swift */ = {isa = PBXFileReference; fileEncoding = 4; lastKnownFileType = sourcecode.swift; path = VerifyConfiguration.swift; sourceTree = "<group>"; };
		E985C71525F3AD9700CB895C /* RsyncUIconfigurations.swift */ = {isa = PBXFileReference; fileEncoding = 4; lastKnownFileType = sourcecode.swift; path = RsyncUIconfigurations.swift; sourceTree = "<group>"; };
		E985C71B25F3AD9700CB895C /* SharedReference.swift */ = {isa = PBXFileReference; fileEncoding = 4; lastKnownFileType = sourcecode.swift; path = SharedReference.swift; sourceTree = "<group>"; };
		E985C71C25F3AD9700CB895C /* ObservableRsyncPathSetting.swift */ = {isa = PBXFileReference; fileEncoding = 4; lastKnownFileType = sourcecode.swift; path = ObservableRsyncPathSetting.swift; sourceTree = "<group>"; };
		E985C71D25F3AD9700CB895C /* Extensions.swift */ = {isa = PBXFileReference; fileEncoding = 4; lastKnownFileType = sourcecode.swift; path = Extensions.swift; sourceTree = "<group>"; };
		E985C71F25F3AD9700CB895C /* Rsyncversion.swift */ = {isa = PBXFileReference; fileEncoding = 4; lastKnownFileType = sourcecode.swift; path = Rsyncversion.swift; sourceTree = "<group>"; };
		E985C72425F3AD9700CB895C /* InterruptProcess.swift */ = {isa = PBXFileReference; fileEncoding = 4; lastKnownFileType = sourcecode.swift; path = InterruptProcess.swift; sourceTree = "<group>"; };
		E987221F2C1365F8006112CD /* DetailsView.swift */ = {isa = PBXFileReference; lastKnownFileType = sourcecode.swift; path = DetailsView.swift; sourceTree = "<group>"; };
		E987648C2ADAD938001B4B7E /* Metal.framework */ = {isa = PBXFileReference; lastKnownFileType = wrapper.framework; name = Metal.framework; path = System/Library/Frameworks/Metal.framework; sourceTree = SDKROOT; };
		E987CAA22C94057800C265D5 /* RsyncandPathsettings.swift */ = {isa = PBXFileReference; lastKnownFileType = sourcecode.swift; path = RsyncandPathsettings.swift; sourceTree = "<group>"; };
		E987CAA42C9405EC00C265D5 /* ObservableLogSettings.swift */ = {isa = PBXFileReference; lastKnownFileType = sourcecode.swift; path = ObservableLogSettings.swift; sourceTree = "<group>"; };
		E989EDC42CA13BD2002CC640 /* ProcessRsync.swift */ = {isa = PBXFileReference; lastKnownFileType = sourcecode.swift; path = ProcessRsync.swift; sourceTree = "<group>"; };
		E98C7AB4262D662200555977 /* ReadLogRecordsJSON.swift */ = {isa = PBXFileReference; lastKnownFileType = sourcecode.swift; path = ReadLogRecordsJSON.swift; sourceTree = "<group>"; };
		E98C7AB9262D664900555977 /* ReadSynchronizeConfigurationJSON.swift */ = {isa = PBXFileReference; lastKnownFileType = sourcecode.swift; path = ReadSynchronizeConfigurationJSON.swift; sourceTree = "<group>"; };
		E98F608C290D034300952149 /* ProcessCommand.swift */ = {isa = PBXFileReference; lastKnownFileType = sourcecode.swift; path = ProcessCommand.swift; sourceTree = "<group>"; };
		E997613A271998BD007153DD /* RsyncUIlogrecords.swift */ = {isa = PBXFileReference; lastKnownFileType = sourcecode.swift; path = RsyncUIlogrecords.swift; sourceTree = "<group>"; };
		E99A79542B0BA1A800D3244A /* RsyncDefaultParametersView.swift */ = {isa = PBXFileReference; lastKnownFileType = sourcecode.swift; path = RsyncDefaultParametersView.swift; sourceTree = "<group>"; };
		E99A79562B0BA1C800D3244A /* RsyncParametersView.swift */ = {isa = PBXFileReference; lastKnownFileType = sourcecode.swift; path = RsyncParametersView.swift; sourceTree = "<group>"; };
		E99B562F2AFFAD1800D4AA5A /* OneTaskDetailsView.swift */ = {isa = PBXFileReference; lastKnownFileType = sourcecode.swift; path = OneTaskDetailsView.swift; sourceTree = "<group>"; };
		E99BE2332C4E677700BFE83F /* WriteExportConfigurationsJSON.swift */ = {isa = PBXFileReference; lastKnownFileType = sourcecode.swift; path = WriteExportConfigurationsJSON.swift; sourceTree = "<group>"; };
		E99C23FF261C322E009D4DBF /* ObservableRestore.swift */ = {isa = PBXFileReference; lastKnownFileType = sourcecode.swift; path = ObservableRestore.swift; sourceTree = "<group>"; };
		E99CA2852CA2961A000C3A23 /* SSHPrepareParameters.swift */ = {isa = PBXFileReference; lastKnownFileType = sourcecode.swift; path = SSHPrepareParameters.swift; sourceTree = "<group>"; };
		E99DE0F826A32F8B00A08A69 /* Credits.rtf */ = {isa = PBXFileReference; lastKnownFileType = text.rtf; path = Credits.rtf; sourceTree = "<group>"; };
		E9A2AA7C2B31D0E800916896 /* EstimationInProgressView.swift */ = {isa = PBXFileReference; lastKnownFileType = sourcecode.swift; path = EstimationInProgressView.swift; sourceTree = "<group>"; };
		E9A38E2B2B32CA8700D8445E /* AlertError.swift */ = {isa = PBXFileReference; lastKnownFileType = sourcecode.swift; path = AlertError.swift; sourceTree = "<group>"; };
		E9A7F7132C0F6784001AC38F /* Logsettings.swift */ = {isa = PBXFileReference; lastKnownFileType = sourcecode.swift; path = Logsettings.swift; sourceTree = "<group>"; };
		E9AE41452AFF5A8A00F3D562 /* ExecuteEstimatedTasksView.swift */ = {isa = PBXFileReference; lastKnownFileType = sourcecode.swift; path = ExecuteEstimatedTasksView.swift; sourceTree = "<group>"; };
		E9AE41472AFF5AAA00F3D562 /* ExecuteNoestimatedTasksView.swift */ = {isa = PBXFileReference; lastKnownFileType = sourcecode.swift; path = ExecuteNoestimatedTasksView.swift; sourceTree = "<group>"; };
		E9B34966273AE658000B053E /* OpencatalogView.swift */ = {isa = PBXFileReference; lastKnownFileType = sourcecode.swift; path = OpencatalogView.swift; sourceTree = "<group>"; };
		E9B6B3E22AFFDE7500E12EB2 /* ListofTasksMainView.swift */ = {isa = PBXFileReference; lastKnownFileType = sourcecode.swift; path = ListofTasksMainView.swift; sourceTree = "<group>"; };
		E9B6BD342B120B840084BC8B /* NavigationLogfileView.swift */ = {isa = PBXFileReference; lastKnownFileType = sourcecode.swift; path = NavigationLogfileView.swift; sourceTree = "<group>"; };
		E9B6DE0B2647AF810093A6D2 /* ConfirmDeleteProfileView.swift */ = {isa = PBXFileReference; lastKnownFileType = sourcecode.swift; path = ConfirmDeleteProfileView.swift; sourceTree = "<group>"; };
		E9BB4F552903C00A00FEEA0A /* ExecuteTasksNOEstimation.swift */ = {isa = PBXFileReference; lastKnownFileType = sourcecode.swift; path = ExecuteTasksNOEstimation.swift; sourceTree = "<group>"; };
		E9BC17E92BD8042C0049641B /* OutputRsyncVerifyView.swift */ = {isa = PBXFileReference; lastKnownFileType = sourcecode.swift; path = OutputRsyncVerifyView.swift; sourceTree = "<group>"; };
		E9BD14BC2642FDC200E29347 /* TrimOutputForRestore.swift */ = {isa = PBXFileReference; lastKnownFileType = sourcecode.swift; path = TrimOutputForRestore.swift; sourceTree = "<group>"; };
		E9BD14BE2642FE6300E29347 /* TrimOutputFromRsync.swift */ = {isa = PBXFileReference; lastKnownFileType = sourcecode.swift; path = TrimOutputFromRsync.swift; sourceTree = "<group>"; };
		E9C029282BFB872E00461AD3 /* CompletedView.swift */ = {isa = PBXFileReference; lastKnownFileType = sourcecode.swift; path = CompletedView.swift; sourceTree = "<group>"; };
		E9C111392BBD8DE30041CEA0 /* ConfigurationsTableDataView.swift */ = {isa = PBXFileReference; lastKnownFileType = sourcecode.swift; path = ConfigurationsTableDataView.swift; sourceTree = "<group>"; };
		E9C8E0CB2B2D9BB50083D1CC /* SidebarLogsView.swift */ = {isa = PBXFileReference; fileEncoding = 4; lastKnownFileType = sourcecode.swift; path = SidebarLogsView.swift; sourceTree = "<group>"; };
		E9C9306625FEA1CF0049A76B /* ObservableSSH.swift */ = {isa = PBXFileReference; lastKnownFileType = sourcecode.swift; path = ObservableSSH.swift; sourceTree = "<group>"; };
		E9D1AFE52A2E49B600AD8125 /* ListofTasksLightView.swift */ = {isa = PBXFileReference; lastKnownFileType = sourcecode.swift; path = ListofTasksLightView.swift; sourceTree = "<group>"; };
		E9D317CF2B3C09B9000B8FC9 /* HomeCatalogsView.swift */ = {isa = PBXFileReference; lastKnownFileType = sourcecode.swift; path = HomeCatalogsView.swift; sourceTree = "<group>"; };
		E9D5D195264A9E8600CCD8BB /* DeleteSnapshots.swift */ = {isa = PBXFileReference; lastKnownFileType = sourcecode.swift; path = DeleteSnapshots.swift; sourceTree = "<group>"; };
		E9DE0EF92C7D98E100836EA3 /* RecordsSnapshot.swift */ = {isa = PBXFileReference; lastKnownFileType = sourcecode.swift; path = RecordsSnapshot.swift; sourceTree = "<group>"; };
		E9DE0EFB2C7D9F0F00836EA3 /* ArgumentsSnapshotRemoteCatalogs.swift */ = {isa = PBXFileReference; lastKnownFileType = sourcecode.swift; path = ArgumentsSnapshotRemoteCatalogs.swift; sourceTree = "<group>"; };
		E9E9CD2426779E2600EB377B /* ExecuteCommands.swift */ = {isa = PBXFileReference; lastKnownFileType = sourcecode.swift; path = ExecuteCommands.swift; sourceTree = "<group>"; };
		E9ED8A5D2C4D6CEF00D3B2DD /* ExportView.swift */ = {isa = PBXFileReference; lastKnownFileType = sourcecode.swift; path = ExportView.swift; sourceTree = "<group>"; };
		E9ED8A5F2C4D6D0D00D3B2DD /* ImportView.swift */ = {isa = PBXFileReference; lastKnownFileType = sourcecode.swift; path = ImportView.swift; sourceTree = "<group>"; };
		E9F5354B290185AA007EFAE7 /* EstimateTasks.swift */ = {isa = PBXFileReference; lastKnownFileType = sourcecode.swift; path = EstimateTasks.swift; sourceTree = "<group>"; };
		E9FBE7902A51C5CA0038B82D /* LogRecordSnapshot.swift */ = {isa = PBXFileReference; fileEncoding = 4; lastKnownFileType = sourcecode.swift; path = LogRecordSnapshot.swift; sourceTree = "<group>"; };
		E9FBF40C291AFB7000AAAC40 /* SnapshotCommands.swift */ = {isa = PBXFileReference; lastKnownFileType = sourcecode.swift; path = SnapshotCommands.swift; sourceTree = "<group>"; };
		E9FDDD4825F3D0610050718C /* Assets.xcassets */ = {isa = PBXFileReference; lastKnownFileType = folder.assetcatalog; path = Assets.xcassets; sourceTree = "<group>"; };
		E9FF19012BBD272900534DF2 /* ConfigurationsTableDataMainView.swift */ = {isa = PBXFileReference; lastKnownFileType = sourcecode.swift; path = ConfigurationsTableDataMainView.swift; sourceTree = "<group>"; };
/* End PBXFileReference section */

/* Begin PBXFrameworksBuildPhase section */
		E985C5C025F3AC0700CB895C /* Frameworks */ = {
			isa = PBXFrameworksBuildPhase;
			buildActionMask = 2147483647;
			files = (
				E9C077762C8CCA65005F8669 /* ParseRsyncOutput in Frameworks */,
				E987648D2ADAD938001B4B7E /* Metal.framework in Frameworks */,
				E9BAB99D2C60A611008A1707 /* RsyncArguments in Frameworks */,
				E95CA3E42C73230800966D69 /* DecodeEncodeGeneric in Frameworks */,
				E911E85E2C6BCD9D00152CD6 /* SSHCreateKey in Frameworks */,
			);
			runOnlyForDeploymentPostprocessing = 0;
		};
/* End PBXFrameworksBuildPhase section */

/* Begin PBXGroup section */
		E8AC45CB26E5ED2500E0AE43 /* Tools */ = {
			isa = PBXGroup;
			children = (
				E9E9CD2326779E0A00EB377B /* Commands */,
			);
			path = Tools;
			sourceTree = "<group>";
		};
		E9011D43262EBFE600ECC9B8 /* Userconfiguration */ = {
			isa = PBXGroup;
			children = (
				E9569EA827B809EE0038799C /* ReadUserConfigurationJSON.swift */,
				E902C10E27B836CC00A75D7A /* WriteUserConfigurationJSON.swift */,
			);
			path = Userconfiguration;
			sourceTree = "<group>";
		};
		E927AAD12616E23100DC27A3 /* Quicktask */ = {
			isa = PBXGroup;
			children = (
				E931ED952B0C82BB000BEF56 /* QuicktaskView.swift */,
				E9585F832CAFB60E00D037DA /* ObservableRsyncOutput.swift */,
			);
			path = Quicktask;
			sourceTree = "<group>";
		};
		E92A71432943755700A5C734 /* Main */ = {
			isa = PBXGroup;
			children = (
				E985C5C625F3AC0700CB895C /* RsyncUIApp.swift */,
				E8944891267B2CB0009F9C4A /* RsyncUIView.swift */,
			);
			path = Main;
			sourceTree = "<group>";
		};
		E9541A5A2BFF896100638B2E /* OutputViews */ = {
			isa = PBXGroup;
			children = (
				E9BC17E92BD8042C0049641B /* OutputRsyncVerifyView.swift */,
				E96223942B0BDA7E00C40578 /* OutputRsyncView.swift */,
				E987221F2C1365F8006112CD /* DetailsView.swift */,
			);
			path = OutputViews;
			sourceTree = "<group>";
		};
		E95EDC7D26063C7F000018DE /* RsyncParameters */ = {
			isa = PBXGroup;
			children = (
				E99A79542B0BA1A800D3244A /* RsyncDefaultParametersView.swift */,
				E99A79562B0BA1C800D3244A /* RsyncParametersView.swift */,
				E985C63925F3AD8400CB895C /* RsyncCommandView.swift */,
				E95EDC7E26063CAA000018DE /* EditRsyncParameter.swift */,
				E90B5FAE2C981FA600C744DB /* OtherRsyncCommandsView.swift */,
				E90B5FAC2C981BDC00C744DB /* ArgumentsView.swift */,
			);
			path = RsyncParameters;
			sourceTree = "<group>";
		};
		E985C5BA25F3AC0700CB895C = {
			isa = PBXGroup;
			children = (
				E99DE0F826A32F8B00A08A69 /* Credits.rtf */,
				E985C5C525F3AC0700CB895C /* RsyncUI */,
				E985C5C425F3AC0700CB895C /* Products */,
				E987648B2ADAD938001B4B7E /* Frameworks */,
			);
			sourceTree = "<group>";
		};
		E985C5C425F3AC0700CB895C /* Products */ = {
			isa = PBXGroup;
			children = (
				E985C5C325F3AC0700CB895C /* RsyncUI.app */,
			);
			name = Products;
			sourceTree = "<group>";
		};
		E985C5C525F3AC0700CB895C /* RsyncUI */ = {
			isa = PBXGroup;
			children = (
				E9FDDD4825F3D0610050718C /* Assets.xcassets */,
				E985C5D225F3AC0800CB895C /* Info.plist */,
				E96A165C272E735F00B95D3D /* Localizable.strings */,
				E985C5D325F3AC0800CB895C /* RsyncUI.entitlements */,
				E92A71432943755700A5C734 /* Main */,
				E985C60925F3AD8400CB895C /* Views */,
				E985C69225F3AD9600CB895C /* Model */,
				E985C5CC25F3AC0800CB895C /* Preview Content */,
			);
			path = RsyncUI;
			sourceTree = "<group>";
		};
		E985C5CC25F3AC0800CB895C /* Preview Content */ = {
			isa = PBXGroup;
			children = (
				E985C5CD25F3AC0800CB895C /* Preview Assets.xcassets */,
			);
			path = "Preview Content";
			sourceTree = "<group>";
		};
		E985C60925F3AD8400CB895C /* Views */ = {
			isa = PBXGroup;
			children = (
				E9ED8A5C2C4D6CC300D3B2DD /* ExportImport */,
				E9541A5A2BFF896100638B2E /* OutputViews */,
				E8AC45CB26E5ED2500E0AE43 /* Tools */,
				E985C62025F3AD8400CB895C /* Modifiers */,
				E985C60A25F3AD8400CB895C /* Sidebar */,
				E99C23F9261C2D21009D4DBF /* Restore */,
				E927AAD12616E23100DC27A3 /* Quicktask */,
				E95EDC7D26063C7F000018DE /* RsyncParameters */,
				E985C64E25F3AD8400CB895C /* Tasks */,
				E985C62325F3AD8400CB895C /* Detailsview */,
				E985C62625F3AD8400CB895C /* Snapshots */,
				E985C61525F3AD8400CB895C /* Configurations */,
				E985C61A25F3AD8400CB895C /* Settings */,
				E985C61E25F3AD8400CB895C /* FilelogView */,
				E985C64125F3AD8400CB895C /* LogRecords */,
				E985C64625F3AD8400CB895C /* Add */,
			);
			path = Views;
			sourceTree = "<group>";
		};
		E985C60A25F3AD8400CB895C /* Sidebar */ = {
			isa = PBXGroup;
			children = (
				E96036032B288CB600438D8B /* SidebarMainView.swift */,
				E985C61425F3AD8400CB895C /* Profilenames.swift */,
			);
			path = Sidebar;
			sourceTree = "<group>";
		};
		E985C61525F3AD8400CB895C /* Configurations */ = {
			isa = PBXGroup;
			children = (
				E9B6B3E22AFFDE7500E12EB2 /* ListofTasksMainView.swift */,
				E93CC3FE2A68218200DB02EB /* ListofTasksView.swift */,
				E9D1AFE52A2E49B600AD8125 /* ListofTasksLightView.swift */,
				E96AA40C2A9923F40031B1C3 /* ListofTasksAddView.swift */,
				E9FF19012BBD272900534DF2 /* ConfigurationsTableDataMainView.swift */,
				E9C111392BBD8DE30041CEA0 /* ConfigurationsTableDataView.swift */,
			);
			path = Configurations;
			sourceTree = "<group>";
		};
		E985C61A25F3AD8400CB895C /* Settings */ = {
			isa = PBXGroup;
			children = (
				E985C60F25F3AD8400CB895C /* SidebarSettingsView.swift */,
				E985C63B25F3AD8400CB895C /* AboutView.swift */,
				E987CAA22C94057800C265D5 /* RsyncandPathsettings.swift */,
				E9A7F7132C0F6784001AC38F /* Logsettings.swift */,
				E985C61D25F3AD8400CB895C /* Environmentsettings.swift */,
				E985C61B25F3AD8400CB895C /* Sshsettings.swift */,
			);
			path = Settings;
			sourceTree = "<group>";
		};
		E985C61E25F3AD8400CB895C /* FilelogView */ = {
			isa = PBXGroup;
			children = (
				E9B6BD342B120B840084BC8B /* NavigationLogfileView.swift */,
			);
			path = FilelogView;
			sourceTree = "<group>";
		};
		E985C62025F3AD8400CB895C /* Modifiers */ = {
			isa = PBXGroup;
			children = (
				E985C62225F3AD8400CB895C /* Viewmodifiers.swift */,
				E8902992260B0EF700F4F0DC /* ButtonStyles.swift */,
			);
			path = Modifiers;
			sourceTree = "<group>";
		};
		E985C62325F3AD8400CB895C /* Detailsview */ = {
			isa = PBXGroup;
			children = (
				E99B562F2AFFAD1800D4AA5A /* OneTaskDetailsView.swift */,
				E954AD402AFE8FBB00F3EA63 /* SummarizedDetailsView.swift */,
				E9A2AA7C2B31D0E800916896 /* EstimationInProgressView.swift */,
			);
			path = Detailsview;
			sourceTree = "<group>";
		};
		E985C62625F3AD8400CB895C /* Snapshots */ = {
			isa = PBXGroup;
			children = (
				E985C62825F3AD8400CB895C /* SnapshotListView.swift */,
				E985C62925F3AD8400CB895C /* SnapshotsView.swift */,
			);
			path = Snapshots;
			sourceTree = "<group>";
		};
		E985C64125F3AD8400CB895C /* LogRecords */ = {
			isa = PBXGroup;
			children = (
				E9C8E0CB2B2D9BB50083D1CC /* SidebarLogsView.swift */,
				E93D3B172AFA541D0056DC55 /* LogsbyConfigurationView.swift */,
				E9712FBB2602465D003842FD /* DeleteLogsView.swift */,
				E965D9B727E1C2E7005EFDBB /* UpdateLogs.swift */,
			);
			path = LogRecords;
			sourceTree = "<group>";
		};
		E985C64625F3AD8400CB895C /* Add */ = {
			isa = PBXGroup;
			children = (
				E93878C22B27355A009574CD /* AddTaskView.swift */,
				E9B34966273AE658000B053E /* OpencatalogView.swift */,
				E985C64A25F3AD8400CB895C /* EditValue.swift */,
				E9B6DE0B2647AF810093A6D2 /* ConfirmDeleteProfileView.swift */,
				E9D317CF2B3C09B9000B8FC9 /* HomeCatalogsView.swift */,
				E961D0502BEC8CE300CBF9B1 /* ProfileView.swift */,
				E904C0D22CB9104200B69D94 /* ProfilesToUpdataView.swift */,
			);
			path = Add;
			sourceTree = "<group>";
		};
		E985C64E25F3AD8400CB895C /* Tasks */ = {
			isa = PBXGroup;
			children = (
				E954AD3E2AFE8F3800F3EA63 /* SidebarTasksView.swift */,
				E9AE41452AFF5A8A00F3D562 /* ExecuteEstimatedTasksView.swift */,
				E9AE41472AFF5AAA00F3D562 /* ExecuteNoestimatedTasksView.swift */,
				E954AD422AFE901200F3EA63 /* TasksView.swift */,
				E9C029282BFB872E00461AD3 /* CompletedView.swift */,
			);
			path = Tasks;
			sourceTree = "<group>";
		};
		E985C69225F3AD9600CB895C /* Model */ = {
			isa = PBXGroup;
			children = (
				E9CCECD52643AD3A007BE237 /* Newversion */,
				E985C69525F3AD9600CB895C /* FilesAndCatalogs */,
				E985C69A25F3AD9600CB895C /* Snapshots */,
				E985C69F25F3AD9600CB895C /* Output */,
				E985C6A225F3AD9600CB895C /* Utils */,
				E985C6BF25F3AD9600CB895C /* Storage */,
				E985C6DC25F3AD9600CB895C /* Ssh */,
				E985C6DE25F3AD9600CB895C /* Execution */,
				E985C6F325F3AD9700CB895C /* Logfile */,
				E985C71725F3AD9700CB895C /* ParametersRsync */,
				E985C6FB25F3AD9700CB895C /* ProcessArguments */,
				E985C70325F3AD9700CB895C /* Loggdata */,
				E985C70725F3AD9700CB895C /* Data */,
				E985C71A25F3AD9700CB895C /* Global */,
				E985C71E25F3AD9700CB895C /* Process */,
			);
			path = Model;
			sourceTree = "<group>";
		};
		E985C69525F3AD9600CB895C /* FilesAndCatalogs */ = {
			isa = PBXGroup;
			children = (
				E985C69625F3AD9600CB895C /* CatalogForProfile.swift */,
				E95BD4622C29A9AA00E1C175 /* Homepath.swift */,
			);
			path = FilesAndCatalogs;
			sourceTree = "<group>";
		};
		E985C69A25F3AD9600CB895C /* Snapshots */ = {
			isa = PBXGroup;
			children = (
				E91CE3BD2CC7C684006A8498 /* SnapshotRemoteCatalogs.swift */,
				E985C69B25F3AD9600CB895C /* TagSnapshots.swift */,
				E985C69C25F3AD9600CB895C /* SnapshotData.swift */,
				E985C69D25F3AD9600CB895C /* Snapshotlogsandcatalogs.swift */,
				E9D5D195264A9E8600CCD8BB /* DeleteSnapshots.swift */,
				E9FBE7902A51C5CA0038B82D /* LogRecordSnapshot.swift */,
				E9DE0EF92C7D98E100836EA3 /* RecordsSnapshot.swift */,
			);
			path = Snapshots;
			sourceTree = "<group>";
		};
		E985C69F25F3AD9600CB895C /* Output */ = {
			isa = PBXGroup;
			children = (
				E9BD14BC2642FDC200E29347 /* TrimOutputForRestore.swift */,
				E9BD14BE2642FE6300E29347 /* TrimOutputFromRsync.swift */,
			);
			path = Output;
			sourceTree = "<group>";
		};
		E985C6A225F3AD9600CB895C /* Utils */ = {
			isa = PBXGroup;
			children = (
				E985C6A525F3AD9600CB895C /* GetfullpathforRsync.swift */,
				E985C6A625F3AD9600CB895C /* MyEnvironment.swift */,
				E985C6A725F3AD9600CB895C /* RsyncCommandtoDisplay.swift */,
				E90B5FB02C98202100C744DB /* OtherRsyncCommandtoDisplay.swift */,
				E985C6A825F3AD9600CB895C /* Backupconfigfiles.swift */,
				E985C6A925F3AD9600CB895C /* SetandValidatepathforrsync.swift */,
				E985C6AA25F3AD9600CB895C /* extensionDate.swift */,
				E985C6AE25F3AD9600CB895C /* yudpsocket */,
				E985C6B525F3AD9600CB895C /* TCPconnections.swift */,
				E985C6B725F3AD9600CB895C /* Macserialnumber.swift */,
				E985C6B825F3AD9600CB895C /* Resources.swift */,
			);
			path = Utils;
			sourceTree = "<group>";
		};
		E985C6AE25F3AD9600CB895C /* yudpsocket */ = {
			isa = PBXGroup;
			children = (
				E985C6AF25F3AD9600CB895C /* yudpsocket.c */,
				E985C6B025F3AD9600CB895C /* ytcpsocket.c */,
				E985C6B125F3AD9600CB895C /* ResultYTP.swift */,
				E985C6B225F3AD9600CB895C /* RsyncSwiftUI-Bridging-Header.h */,
				E985C6B325F3AD9600CB895C /* ytcpsocket.swift */,
				E985C6B425F3AD9600CB895C /* Socket.swift */,
			);
			path = yudpsocket;
			sourceTree = "<group>";
		};
		E985C6BF25F3AD9600CB895C /* Storage */ = {
			isa = PBXGroup;
			children = (
				E99BE2322C4E673800BFE83F /* ExportImport */,
				E801DC652637FD990060723F /* WriteSynchronizeConfigurationJSON.swift */,
				E8518C79263807F200128796 /* WriteLogRecordsJSON.swift */,
				E98C7AB9262D664900555977 /* ReadSynchronizeConfigurationJSON.swift */,
				E98C7AB4262D662200555977 /* ReadLogRecordsJSON.swift */,
				E9011D43262EBFE600ECC9B8 /* Userconfiguration */,
				E985C6C725F3AD9600CB895C /* Basic */,
			);
			path = Storage;
			sourceTree = "<group>";
		};
		E985C6C725F3AD9600CB895C /* Basic */ = {
			isa = PBXGroup;
			children = (
				E9AA5400262EEB2E0009DF32 /* JSON */,
				E985C6CD25F3AD9600CB895C /* LogRecords.swift */,
				E985C6D125F3AD9600CB895C /* SynchronizeConfiguration.swift */,
				E9569EAA27B80BEB0038799C /* UserConfiguration.swift */,
			);
			path = Basic;
			sourceTree = "<group>";
		};
		E985C6DC25F3AD9600CB895C /* Ssh */ = {
			isa = PBXGroup;
			children = (
				E985C6DD25F3AD9600CB895C /* SshKeys.swift */,
			);
			path = Ssh;
			sourceTree = "<group>";
		};
		E985C6DE25F3AD9600CB895C /* Execution */ = {
			isa = PBXGroup;
			children = (
				E9A214D92CAC2FC000445FCD /* State */,
				E985C6E225F3AD9600CB895C /* ExecuteMultipleTasks */,
				E985C6EA25F3AD9600CB895C /* Estimation */,
				E985C6EF25F3AD9600CB895C /* ProgressCounts */,
			);
			path = Execution;
			sourceTree = "<group>";
		};
		E985C6E225F3AD9600CB895C /* ExecuteMultipleTasks */ = {
			isa = PBXGroup;
			children = (
				E9BB4F552903C00A00FEEA0A /* ExecuteTasksNOEstimation.swift */,
				E985C6E325F3AD9600CB895C /* ExecuteMultipleTasks.swift */,
				E985C6E525F3AD9600CB895C /* ExecuteOneTask.swift */,
			);
			path = ExecuteMultipleTasks;
			sourceTree = "<group>";
		};
		E985C6EA25F3AD9600CB895C /* Estimation */ = {
			isa = PBXGroup;
			children = (
				E9F5354B290185AA007EFAE7 /* EstimateTasks.swift */,
				E985C6EC25F3AD9600CB895C /* RemoteDataNumbers.swift */,
			);
			path = Estimation;
			sourceTree = "<group>";
		};
		E985C6EF25F3AD9600CB895C /* ProgressCounts */ = {
			isa = PBXGroup;
			children = (
				E985C6F125F3AD9600CB895C /* EstimateProgressDetails.swift */,
				E985C6F225F3AD9700CB895C /* ExecuteProgressDetails.swift */,
				E969669D2B49AEA90054E6C6 /* ExecuteNoEstimationProgressDetails.swift */,
			);
			path = ProgressCounts;
			sourceTree = "<group>";
		};
		E985C6F325F3AD9700CB895C /* Logfile */ = {
			isa = PBXGroup;
			children = (
				E985C6F425F3AD9700CB895C /* Logfile.swift */,
			);
			path = Logfile;
			sourceTree = "<group>";
		};
		E985C6FB25F3AD9700CB895C /* ProcessArguments */ = {
			isa = PBXGroup;
			children = (
				E99CA2852CA2961A000C3A23 /* SSHPrepareParameters.swift */,
				E985C6FD25F3AD9700CB895C /* ArgumentsSnapshotDeleteCatalogs.swift */,
				E985C70225F3AD9700CB895C /* ArgumentsSnapshotCreateCatalog.swift */,
			);
			path = ProcessArguments;
			sourceTree = "<group>";
		};
		E985C70325F3AD9700CB895C /* Loggdata */ = {
			isa = PBXGroup;
			children = (
				E985C70425F3AD9700CB895C /* MultipletasksPrimaryLogging.swift */,
				E985C70625F3AD9700CB895C /* SingletaskPrimaryLogging.swift */,
			);
			path = Loggdata;
			sourceTree = "<group>";
		};
		E985C70725F3AD9700CB895C /* Data */ = {
			isa = PBXGroup;
			children = (
				E985C70825F3AD9700CB895C /* Configurations */,
				E985C71525F3AD9700CB895C /* RsyncUIconfigurations.swift */,
				E997613A271998BD007153DD /* RsyncUIlogrecords.swift */,
			);
			path = Data;
			sourceTree = "<group>";
		};
		E985C70825F3AD9700CB895C /* Configurations */ = {
			isa = PBXGroup;
			children = (
				E985C70B25F3AD9700CB895C /* UpdateConfigurations.swift */,
				E985C70C25F3AD9700CB895C /* VerifyConfiguration.swift */,
			);
			path = Configurations;
			sourceTree = "<group>";
		};
		E985C71725F3AD9700CB895C /* ParametersRsync */ = {
			isa = PBXGroup;
			children = (
				E96F24542CA1CB5100CF63EC /* PrepareParameters.swift */,
				E985C6F625F3AD9700CB895C /* ArgumentsVerify.swift */,
				E985C6F925F3AD9700CB895C /* ArgumentsSynchronize.swift */,
				E985C6FA25F3AD9700CB895C /* ArgumentsRestore.swift */,
				E90B19032C63B40700B3FC35 /* ArgumentsRemoteFileList.swift */,
				E9DE0EFB2C7D9F0F00836EA3 /* ArgumentsSnapshotRemoteCatalogs.swift */,
			);
			path = ParametersRsync;
			sourceTree = "<group>";
		};
		E985C71A25F3AD9700CB895C /* Global */ = {
			isa = PBXGroup;
			children = (
				E985C71D25F3AD9700CB895C /* Extensions.swift */,
				E985C71B25F3AD9700CB895C /* SharedReference.swift */,
				E95EDC8926063EAA000018DE /* ObservableParametersRsync.swift */,
				E93D7B7C26CD920D00E290A1 /* ObservableParametersDefault.swift */,
				E985C71C25F3AD9700CB895C /* ObservableRsyncPathSetting.swift */,
				E9C9306625FEA1CF0049A76B /* ObservableSSH.swift */,
				E9359B9926691EFD00D40C43 /* ObservableAddConfigurations.swift */,
				E936D5FF2C8ACABC00428191 /* ObservableProfiles.swift */,
				E99C23FF261C322E009D4DBF /* ObservableRestore.swift */,
				E9A38E2B2B32CA8700D8445E /* AlertError.swift */,
				E9493E4C2BF4DB8B00512A8A /* ObservableOutputfromrsync.swift */,
				E987CAA42C9405EC00C265D5 /* ObservableLogSettings.swift */,
			);
			path = Global;
			sourceTree = "<group>";
		};
		E985C71E25F3AD9700CB895C /* Process */ = {
			isa = PBXGroup;
			children = (
				E985C71F25F3AD9700CB895C /* Rsyncversion.swift */,
				E985C72425F3AD9700CB895C /* InterruptProcess.swift */,
				E985C72225F3AD9700CB895C /* Main */,
			);
			path = Process;
			sourceTree = "<group>";
		};
		E985C72225F3AD9700CB895C /* Main */ = {
			isa = PBXGroup;
			children = (
				E989EDC42CA13BD2002CC640 /* ProcessRsync.swift */,
				E98F608C290D034300952149 /* ProcessCommand.swift */,
			);
			path = Main;
			sourceTree = "<group>";
		};
		E987648B2ADAD938001B4B7E /* Frameworks */ = {
			isa = PBXGroup;
			children = (
				E987648C2ADAD938001B4B7E /* Metal.framework */,
			);
			name = Frameworks;
			sourceTree = "<group>";
		};
		E99BE2322C4E673800BFE83F /* ExportImport */ = {
			isa = PBXGroup;
			children = (
				E99BE2332C4E677700BFE83F /* WriteExportConfigurationsJSON.swift */,
				E902346A2C4F7AA100595967 /* ReadImportConfigurationsJSON.swift */,
			);
			path = ExportImport;
			sourceTree = "<group>";
		};
		E99C23F9261C2D21009D4DBF /* Restore */ = {
			isa = PBXGroup;
			children = (
				E956D3772B0C88B9008B190F /* RestoreTableView.swift */,
				E94E1E1B2A2DAA3E00011FED /* RestoreFilesTableView.swift */,
			);
			path = Restore;
			sourceTree = "<group>";
		};
		E9A214D92CAC2FC000445FCD /* State */ = {
			isa = PBXGroup;
			children = (
				E985C6EE25F3AD9600CB895C /* EstimateState.swift */,
				E985C6E425F3AD9600CB895C /* ExecuteState.swift */,
			);
			path = State;
			sourceTree = "<group>";
		};
		E9AA5400262EEB2E0009DF32 /* JSON */ = {
			isa = PBXGroup;
			children = (
				E985C6C925F3AD9600CB895C /* DecodeSynchronizeConfiguration.swift */,
				E985C6C825F3AD9600CB895C /* DecodeLogRecords.swift */,
				E9569EAC27B80C220038799C /* DecodeUserConfiguration.swift */,
			);
			path = JSON;
			sourceTree = "<group>";
		};
		E9CCECD52643AD3A007BE237 /* Newversion */ = {
			isa = PBXGroup;
			children = (
				E927447429407F8C009DAC1C /* CheckfornewversionofRsyncUI.swift */,
			);
			path = Newversion;
			sourceTree = "<group>";
		};
		E9E9CD2326779E0A00EB377B /* Commands */ = {
			isa = PBXGroup;
			children = (
				E9E9CD2426779E2600EB377B /* ExecuteCommands.swift */,
				E9FBF40C291AFB7000AAAC40 /* SnapshotCommands.swift */,
				E93CC5722C4D4974000F8963 /* ImportExportCommands.swift */,
			);
			path = Commands;
			sourceTree = "<group>";
		};
		E9ED8A5C2C4D6CC300D3B2DD /* ExportImport */ = {
			isa = PBXGroup;
			children = (
				E9ED8A5D2C4D6CEF00D3B2DD /* ExportView.swift */,
				E9ED8A5F2C4D6D0D00D3B2DD /* ImportView.swift */,
			);
			path = ExportImport;
			sourceTree = "<group>";
		};
/* End PBXGroup section */

/* Begin PBXNativeTarget section */
		E985C5C225F3AC0700CB895C /* RsyncUI */ = {
			isa = PBXNativeTarget;
			buildConfigurationList = E985C5EC25F3AC0800CB895C /* Build configuration list for PBXNativeTarget "RsyncUI" */;
			buildPhases = (
				E985C5BF25F3AC0700CB895C /* Sources */,
				E985C5C025F3AC0700CB895C /* Frameworks */,
				E985C5C125F3AC0700CB895C /* Resources */,
			);
			buildRules = (
			);
			dependencies = (
			);
			name = RsyncUI;
			packageProductDependencies = (
				E9BAB99C2C60A611008A1707 /* RsyncArguments */,
				E911E85D2C6BCD9D00152CD6 /* SSHCreateKey */,
				E95CA3E32C73230800966D69 /* DecodeEncodeGeneric */,
				E9C077752C8CCA65005F8669 /* ParseRsyncOutput */,
			);
			productName = RsyncUI;
			productReference = E985C5C325F3AC0700CB895C /* RsyncUI.app */;
			productType = "com.apple.product-type.application";
		};
/* End PBXNativeTarget section */

/* Begin PBXProject section */
		E985C5BB25F3AC0700CB895C /* Project object */ = {
			isa = PBXProject;
			attributes = {
				LastSwiftUpdateCheck = 1240;
				LastUpgradeCheck = 1250;
				TargetAttributes = {
					E985C5C225F3AC0700CB895C = {
						CreatedOnToolsVersion = 12.4;
					};
				};
			};
			buildConfigurationList = E985C5BE25F3AC0700CB895C /* Build configuration list for PBXProject "RsyncUI" */;
			compatibilityVersion = "Xcode 12.0";
			developmentRegion = en;
			hasScannedForEncodings = 0;
			knownRegions = (
				en,
				Base,
				nb,
				de,
			);
			mainGroup = E985C5BA25F3AC0700CB895C;
			packageReferences = (
				E9BAB99B2C60A611008A1707 /* XCRemoteSwiftPackageReference "RsyncArguments" */,
				E911E85C2C6BCD9D00152CD6 /* XCRemoteSwiftPackageReference "SSHCreateKey" */,
				E94B878B2C7321090031B27A /* XCRemoteSwiftPackageReference "DecodeEncodeGeneric" */,
				E9C077742C8CCA65005F8669 /* XCRemoteSwiftPackageReference "ParseRsyncOutput" */,
			);
			productRefGroup = E985C5C425F3AC0700CB895C /* Products */;
			projectDirPath = "";
			projectRoot = "";
			targets = (
				E985C5C225F3AC0700CB895C /* RsyncUI */,
			);
		};
/* End PBXProject section */

/* Begin PBXResourcesBuildPhase section */
		E985C5C125F3AC0700CB895C /* Resources */ = {
			isa = PBXResourcesBuildPhase;
			buildActionMask = 2147483647;
			files = (
				E99DE0F926A32F8B00A08A69 /* Credits.rtf in Resources */,
				E96A165E272E735F00B95D3D /* Localizable.strings in Resources */,
				E985C5CE25F3AC0800CB895C /* Preview Assets.xcassets in Resources */,
				E9FDDD4925F3D0610050718C /* Assets.xcassets in Resources */,
			);
			runOnlyForDeploymentPostprocessing = 0;
		};
/* End PBXResourcesBuildPhase section */

/* Begin PBXSourcesBuildPhase section */
		E985C5BF25F3AC0700CB895C /* Sources */ = {
			isa = PBXSourcesBuildPhase;
			buildActionMask = 2147483647;
			files = (
				E985C66725F3AD8400CB895C /* Viewmodifiers.swift in Sources */,
				E985C65825F3AD8400CB895C /* SidebarSettingsView.swift in Sources */,
				E96223952B0BDA7E00C40578 /* OutputRsyncView.swift in Sources */,
				E985C77E25F3AD9700CB895C /* ArgumentsSnapshotCreateCatalog.swift in Sources */,
				E8944892267B2CB0009F9C4A /* RsyncUIView.swift in Sources */,
				E90B5FB12C98202100C744DB /* OtherRsyncCommandtoDisplay.swift in Sources */,
				E9BB4F562903C00A00FEEA0A /* ExecuteTasksNOEstimation.swift in Sources */,
				E9493E4D2BF4DB8B00512A8A /* ObservableOutputfromrsync.swift in Sources */,
				E9585F842CAFB60E00D037DA /* ObservableRsyncOutput.swift in Sources */,
				E985C76E25F3AD9700CB895C /* EstimateState.swift in Sources */,
				E985C66B25F3AD8400CB895C /* SnapshotListView.swift in Sources */,
				E985C73225F3AD9700CB895C /* GetfullpathforRsync.swift in Sources */,
				E985C76C25F3AD9700CB895C /* RemoteDataNumbers.swift in Sources */,
				E927447529407F8C009DAC1C /* CheckfornewversionofRsyncUI.swift in Sources */,
				E95EDC8A26063EAA000018DE /* ObservableParametersRsync.swift in Sources */,
				E985C78125F3AD9700CB895C /* SingletaskPrimaryLogging.swift in Sources */,
				E94E1E1C2A2DAA3E00011FED /* RestoreFilesTableView.swift in Sources */,
				E985C76625F3AD9700CB895C /* ExecuteState.swift in Sources */,
				E985C78425F3AD9700CB895C /* UpdateConfigurations.swift in Sources */,
				E9BD14BD2642FDC200E29347 /* TrimOutputForRestore.swift in Sources */,
				E989EDC52CA13BD2002CC640 /* ProcessRsync.swift in Sources */,
				E91CE3BE2CC7C684006A8498 /* SnapshotRemoteCatalogs.swift in Sources */,
				E987CAA32C94057800C265D5 /* RsyncandPathsettings.swift in Sources */,
				E985C73D25F3AD9700CB895C /* ResultYTP.swift in Sources */,
				E9D1AFE62A2E49B600AD8125 /* ListofTasksLightView.swift in Sources */,
				E95EDC7F26063CAA000018DE /* EditRsyncParameter.swift in Sources */,
				E9569EA927B809EE0038799C /* ReadUserConfigurationJSON.swift in Sources */,
				E9569EAD27B80C220038799C /* DecodeUserConfiguration.swift in Sources */,
				E801DC662637FD990060723F /* WriteSynchronizeConfigurationJSON.swift in Sources */,
				E93CC3FF2A68218200DB02EB /* ListofTasksView.swift in Sources */,
				E985C72D25F3AD9700CB895C /* Snapshotlogsandcatalogs.swift in Sources */,
				E9AE41462AFF5A8A00F3D562 /* ExecuteEstimatedTasksView.swift in Sources */,
				E96036042B288CB600438D8B /* SidebarMainView.swift in Sources */,
				E98C7ABA262D664900555977 /* ReadSynchronizeConfigurationJSON.swift in Sources */,
				E9C029292BFB872E00461AD3 /* CompletedView.swift in Sources */,
				E9B6DE0C2647AF810093A6D2 /* ConfirmDeleteProfileView.swift in Sources */,
				E90B19042C63B40700B3FC35 /* ArgumentsRemoteFileList.swift in Sources */,
				E9C9306725FEA1CF0049A76B /* ObservableSSH.swift in Sources */,
				E99A79552B0BA1A800D3244A /* RsyncDefaultParametersView.swift in Sources */,
				E954AD432AFE901200F3EA63 /* TasksView.swift in Sources */,
				E9ED8A5E2C4D6CEF00D3B2DD /* ExportView.swift in Sources */,
				E9E9CD2526779E2600EB377B /* ExecuteCommands.swift in Sources */,
				E9FBE7912A51C5CA0038B82D /* LogRecordSnapshot.swift in Sources */,
				E985C74225F3AD9700CB895C /* Macserialnumber.swift in Sources */,
				E985C74325F3AD9700CB895C /* Resources.swift in Sources */,
				E956D3782B0C88B9008B190F /* RestoreTableView.swift in Sources */,
				E9BD14BF2642FE6300E29347 /* TrimOutputFromRsync.swift in Sources */,
				E985C77325F3AD9700CB895C /* ArgumentsVerify.swift in Sources */,
				E985C67B25F3AD8400CB895C /* AboutView.swift in Sources */,
				E985C72B25F3AD9700CB895C /* TagSnapshots.swift in Sources */,
				E985C73C25F3AD9700CB895C /* ytcpsocket.c in Sources */,
				E9DE0EFA2C7D98E100836EA3 /* RecordsSnapshot.swift in Sources */,
				E985C73725F3AD9700CB895C /* extensionDate.swift in Sources */,
				E936D6002C8ACABC00428191 /* ObservableProfiles.swift in Sources */,
				E9F5354C290185AA007EFAE7 /* EstimateTasks.swift in Sources */,
				E985C77625F3AD9700CB895C /* ArgumentsSynchronize.swift in Sources */,
				E985C76725F3AD9700CB895C /* ExecuteOneTask.swift in Sources */,
				E985C78525F3AD9700CB895C /* VerifyConfiguration.swift in Sources */,
				E985C5C725F3AC0700CB895C /* RsyncUIApp.swift in Sources */,
				E985C73F25F3AD9700CB895C /* Socket.swift in Sources */,
				E99A79572B0BA1C800D3244A /* RsyncParametersView.swift in Sources */,
				E9B34967273AE658000B053E /* OpencatalogView.swift in Sources */,
				E985C65D25F3AD8400CB895C /* Profilenames.swift in Sources */,
				E985C77925F3AD9700CB895C /* ArgumentsSnapshotDeleteCatalogs.swift in Sources */,
				E99C2400261C322E009D4DBF /* ObservableRestore.swift in Sources */,
				E985C74025F3AD9700CB895C /* TCPconnections.swift in Sources */,
				E9ED8A602C4D6D0D00D3B2DD /* ImportView.swift in Sources */,
				E8518C7A263807F200128796 /* WriteLogRecordsJSON.swift in Sources */,
				E985C77725F3AD9700CB895C /* ArgumentsRestore.swift in Sources */,
				E961D0512BEC8CE300CBF9B1 /* ProfileView.swift in Sources */,
				E9DE0EFC2C7D9F0F00836EA3 /* ArgumentsSnapshotRemoteCatalogs.swift in Sources */,
				E98722202C1365F9006112CD /* DetailsView.swift in Sources */,
				E98F608D290D034300952149 /* ProcessCommand.swift in Sources */,
				E985C77025F3AD9700CB895C /* EstimateProgressDetails.swift in Sources */,
				E9569EAB27B80BEB0038799C /* UserConfiguration.swift in Sources */,
				E99CA2862CA2962A000C3A23 /* SSHPrepareParameters.swift in Sources */,
				E96F24552CA1CB5E00CF63EC /* PrepareParameters.swift in Sources */,
				E90B5FAD2C981BDC00C744DB /* ArgumentsView.swift in Sources */,
				E9A7F7142C0F6784001AC38F /* Logsettings.swift in Sources */,
				E93D7B7D26CD920D00E290A1 /* ObservableParametersDefault.swift in Sources */,
				E93D3B182AFA541D0056DC55 /* LogsbyConfigurationView.swift in Sources */,
				E985C77225F3AD9700CB895C /* Logfile.swift in Sources */,
				E969669E2B49AEA90054E6C6 /* ExecuteNoEstimationProgressDetails.swift in Sources */,
				E9C8E0CC2B2D9BB50083D1CC /* SidebarLogsView.swift in Sources */,
				E9A38E2C2B32CA8700D8445E /* AlertError.swift in Sources */,
				E99B56302AFFAD1800D4AA5A /* OneTaskDetailsView.swift in Sources */,
				E95BD4632C29A9AA00E1C175 /* Homepath.swift in Sources */,
				E985C73425F3AD9700CB895C /* RsyncCommandtoDisplay.swift in Sources */,
				E9FF19022BBD272900534DF2 /* ConfigurationsTableDataMainView.swift in Sources */,
				E985C78C25F3AD9700CB895C /* RsyncUIconfigurations.swift in Sources */,
				E985C73525F3AD9700CB895C /* Backupconfigfiles.swift in Sources */,
				E9B6B3E32AFFDE7500E12EB2 /* ListofTasksMainView.swift in Sources */,
				E8902993260B0EF700F4F0DC /* ButtonStyles.swift in Sources */,
				E954AD3F2AFE8F3800F3EA63 /* SidebarTasksView.swift in Sources */,
				E931ED962B0C82BB000BEF56 /* QuicktaskView.swift in Sources */,
				E985C77F25F3AD9700CB895C /* MultipletasksPrimaryLogging.swift in Sources */,
				E985C73E25F3AD9700CB895C /* ytcpsocket.swift in Sources */,
				E985C72C25F3AD9700CB895C /* SnapshotData.swift in Sources */,
				E985C67A25F3AD8400CB895C /* RsyncCommandView.swift in Sources */,
				E93878C32B27355A009574CD /* AddTaskView.swift in Sources */,
				E9B6BD352B120B840084BC8B /* NavigationLogfileView.swift in Sources */,
				E985C66C25F3AD8400CB895C /* SnapshotsView.swift in Sources */,
				E985C66225F3AD8400CB895C /* Sshsettings.swift in Sources */,
				E985C73B25F3AD9700CB895C /* yudpsocket.c in Sources */,
				E997613B271998BD007153DD /* RsyncUIlogrecords.swift in Sources */,
				E985C79025F3AD9700CB895C /* SharedReference.swift in Sources */,
				E9D5D196264A9E8600CCD8BB /* DeleteSnapshots.swift in Sources */,
				E9A2AA7D2B31D0E800916896 /* EstimationInProgressView.swift in Sources */,
				E985C79725F3AD9700CB895C /* InterruptProcess.swift in Sources */,
				E985C75925F3AD9700CB895C /* SynchronizeConfiguration.swift in Sources */,
				E902C10F27B836CC00A75D7A /* WriteUserConfigurationJSON.swift in Sources */,
				E90B5FAF2C981FA600C744DB /* OtherRsyncCommandsView.swift in Sources */,
				E904C0D32CB9106100B69D94 /* ProfilesToUpdataView.swift in Sources */,
				E985C72725F3AD9700CB895C /* CatalogForProfile.swift in Sources */,
				E985C66425F3AD8400CB895C /* Environmentsettings.swift in Sources */,
				E9C1113A2BBD8DE30041CEA0 /* ConfigurationsTableDataView.swift in Sources */,
				E985C75525F3AD9700CB895C /* LogRecords.swift in Sources */,
				E985C73325F3AD9700CB895C /* MyEnvironment.swift in Sources */,
				E985C79225F3AD9700CB895C /* Extensions.swift in Sources */,
				E9359B9A26691EFD00D40C43 /* ObservableAddConfigurations.swift in Sources */,
				E98C7AB5262D662200555977 /* ReadLogRecordsJSON.swift in Sources */,
				E985C75125F3AD9700CB895C /* DecodeSynchronizeConfiguration.swift in Sources */,
				E93CC5732C4D4974000F8963 /* ImportExportCommands.swift in Sources */,
				E985C68725F3AD8400CB895C /* EditValue.swift in Sources */,
				E965D9B827E1C2E8005EFDBB /* UpdateLogs.swift in Sources */,
				E987CAA52C9405EC00C265D5 /* ObservableLogSettings.swift in Sources */,
				E99BE2342C4E677700BFE83F /* WriteExportConfigurationsJSON.swift in Sources */,
				E985C77125F3AD9700CB895C /* ExecuteProgressDetails.swift in Sources */,
				E902346B2C4F7AA100595967 /* ReadImportConfigurationsJSON.swift in Sources */,
				E9AE41482AFF5AAA00F3D562 /* ExecuteNoestimatedTasksView.swift in Sources */,
				E985C79325F3AD9700CB895C /* Rsyncversion.swift in Sources */,
				E96AA40D2A9923F40031B1C3 /* ListofTasksAddView.swift in Sources */,
				E985C73625F3AD9700CB895C /* SetandValidatepathforrsync.swift in Sources */,
				E9D317D02B3C09B9000B8FC9 /* HomeCatalogsView.swift in Sources */,
				E985C76225F3AD9700CB895C /* SshKeys.swift in Sources */,
				E954AD412AFE8FBB00F3EA63 /* SummarizedDetailsView.swift in Sources */,
				E985C76525F3AD9700CB895C /* ExecuteMultipleTasks.swift in Sources */,
				E9FBF40D291AFB7000AAAC40 /* SnapshotCommands.swift in Sources */,
				E985C79125F3AD9700CB895C /* ObservableRsyncPathSetting.swift in Sources */,
				E9712FBC2602465D003842FD /* DeleteLogsView.swift in Sources */,
				E9BC17EA2BD8042C0049641B /* OutputRsyncVerifyView.swift in Sources */,
				E985C75025F3AD9700CB895C /* DecodeLogRecords.swift in Sources */,
			);
			runOnlyForDeploymentPostprocessing = 0;
		};
/* End PBXSourcesBuildPhase section */

/* Begin PBXVariantGroup section */
		E96A165C272E735F00B95D3D /* Localizable.strings */ = {
			isa = PBXVariantGroup;
			children = (
				E96A165D272E735F00B95D3D /* de */,
				E96A165F272E737000B95D3D /* nb */,
				E94F8337272E7ABA00D3924B /* en */,
			);
			name = Localizable.strings;
			sourceTree = "<group>";
		};
/* End PBXVariantGroup section */

/* Begin XCBuildConfiguration section */
		E985C5EA25F3AC0800CB895C /* Debug */ = {
			isa = XCBuildConfiguration;
			buildSettings = {
				ALWAYS_SEARCH_USER_PATHS = NO;
				CLANG_ANALYZER_LOCALIZABILITY_NONLOCALIZED = YES;
				CLANG_ANALYZER_NONNULL = YES;
				CLANG_ANALYZER_NUMBER_OBJECT_CONVERSION = YES_AGGRESSIVE;
				CLANG_CXX_LANGUAGE_STANDARD = "gnu++14";
				CLANG_CXX_LIBRARY = "libc++";
				CLANG_ENABLE_MODULES = YES;
				CLANG_ENABLE_OBJC_ARC = YES;
				CLANG_ENABLE_OBJC_WEAK = YES;
				CLANG_WARN_BLOCK_CAPTURE_AUTORELEASING = YES;
				CLANG_WARN_BOOL_CONVERSION = YES;
				CLANG_WARN_COMMA = YES;
				CLANG_WARN_CONSTANT_CONVERSION = YES;
				CLANG_WARN_DEPRECATED_OBJC_IMPLEMENTATIONS = YES;
				CLANG_WARN_DIRECT_OBJC_ISA_USAGE = YES_ERROR;
				CLANG_WARN_DOCUMENTATION_COMMENTS = YES;
				CLANG_WARN_EMPTY_BODY = YES;
				CLANG_WARN_ENUM_CONVERSION = YES;
				CLANG_WARN_INFINITE_RECURSION = YES;
				CLANG_WARN_INT_CONVERSION = YES;
				CLANG_WARN_NON_LITERAL_NULL_CONVERSION = YES;
				CLANG_WARN_OBJC_IMPLICIT_RETAIN_SELF = YES;
				CLANG_WARN_OBJC_LITERAL_CONVERSION = YES;
				CLANG_WARN_OBJC_ROOT_CLASS = YES_ERROR;
				CLANG_WARN_QUOTED_INCLUDE_IN_FRAMEWORK_HEADER = YES;
				CLANG_WARN_RANGE_LOOP_ANALYSIS = YES;
				CLANG_WARN_STRICT_PROTOTYPES = YES;
				CLANG_WARN_SUSPICIOUS_MOVE = YES;
				CLANG_WARN_UNGUARDED_AVAILABILITY = YES_AGGRESSIVE;
				CLANG_WARN_UNREACHABLE_CODE = YES;
				CLANG_WARN__DUPLICATE_METHOD_MATCH = YES;
				COPY_PHASE_STRIP = NO;
				DEBUG_INFORMATION_FORMAT = dwarf;
				ENABLE_STRICT_OBJC_MSGSEND = YES;
				ENABLE_TESTABILITY = YES;
				GCC_C_LANGUAGE_STANDARD = gnu11;
				GCC_DYNAMIC_NO_PIC = NO;
				GCC_NO_COMMON_BLOCKS = YES;
				GCC_OPTIMIZATION_LEVEL = 0;
				GCC_PREPROCESSOR_DEFINITIONS = (
					"DEBUG=1",
					"$(inherited)",
				);
				GCC_WARN_64_TO_32_BIT_CONVERSION = YES;
				GCC_WARN_ABOUT_RETURN_TYPE = YES_ERROR;
				GCC_WARN_UNDECLARED_SELECTOR = YES;
				GCC_WARN_UNINITIALIZED_AUTOS = YES_AGGRESSIVE;
				GCC_WARN_UNUSED_FUNCTION = YES;
				GCC_WARN_UNUSED_VARIABLE = YES;
				MACOSX_DEPLOYMENT_TARGET = 14.0;
				MTL_ENABLE_DEBUG_INFO = INCLUDE_SOURCE;
				MTL_FAST_MATH = YES;
				ONLY_ACTIVE_ARCH = YES;
				SDKROOT = macosx;
				SWIFT_ACTIVE_COMPILATION_CONDITIONS = DEBUG;
				SWIFT_EMIT_LOC_STRINGS = YES;
				SWIFT_OPTIMIZATION_LEVEL = "-Onone";
				SWIFT_VERSION = 6.0;
			};
			name = Debug;
		};
		E985C5EB25F3AC0800CB895C /* Release */ = {
			isa = XCBuildConfiguration;
			buildSettings = {
				ALWAYS_SEARCH_USER_PATHS = NO;
				CLANG_ANALYZER_LOCALIZABILITY_NONLOCALIZED = YES;
				CLANG_ANALYZER_NONNULL = YES;
				CLANG_ANALYZER_NUMBER_OBJECT_CONVERSION = YES_AGGRESSIVE;
				CLANG_CXX_LANGUAGE_STANDARD = "gnu++14";
				CLANG_CXX_LIBRARY = "libc++";
				CLANG_ENABLE_MODULES = YES;
				CLANG_ENABLE_OBJC_ARC = YES;
				CLANG_ENABLE_OBJC_WEAK = YES;
				CLANG_WARN_BLOCK_CAPTURE_AUTORELEASING = YES;
				CLANG_WARN_BOOL_CONVERSION = YES;
				CLANG_WARN_COMMA = YES;
				CLANG_WARN_CONSTANT_CONVERSION = YES;
				CLANG_WARN_DEPRECATED_OBJC_IMPLEMENTATIONS = YES;
				CLANG_WARN_DIRECT_OBJC_ISA_USAGE = YES_ERROR;
				CLANG_WARN_DOCUMENTATION_COMMENTS = YES;
				CLANG_WARN_EMPTY_BODY = YES;
				CLANG_WARN_ENUM_CONVERSION = YES;
				CLANG_WARN_INFINITE_RECURSION = YES;
				CLANG_WARN_INT_CONVERSION = YES;
				CLANG_WARN_NON_LITERAL_NULL_CONVERSION = YES;
				CLANG_WARN_OBJC_IMPLICIT_RETAIN_SELF = YES;
				CLANG_WARN_OBJC_LITERAL_CONVERSION = YES;
				CLANG_WARN_OBJC_ROOT_CLASS = YES_ERROR;
				CLANG_WARN_QUOTED_INCLUDE_IN_FRAMEWORK_HEADER = YES;
				CLANG_WARN_RANGE_LOOP_ANALYSIS = YES;
				CLANG_WARN_STRICT_PROTOTYPES = YES;
				CLANG_WARN_SUSPICIOUS_MOVE = YES;
				CLANG_WARN_UNGUARDED_AVAILABILITY = YES_AGGRESSIVE;
				CLANG_WARN_UNREACHABLE_CODE = YES;
				CLANG_WARN__DUPLICATE_METHOD_MATCH = YES;
				COPY_PHASE_STRIP = NO;
				DEBUG_INFORMATION_FORMAT = "dwarf-with-dsym";
				ENABLE_NS_ASSERTIONS = NO;
				ENABLE_STRICT_OBJC_MSGSEND = YES;
				GCC_C_LANGUAGE_STANDARD = gnu11;
				GCC_NO_COMMON_BLOCKS = YES;
				GCC_WARN_64_TO_32_BIT_CONVERSION = YES;
				GCC_WARN_ABOUT_RETURN_TYPE = YES_ERROR;
				GCC_WARN_UNDECLARED_SELECTOR = YES;
				GCC_WARN_UNINITIALIZED_AUTOS = YES_AGGRESSIVE;
				GCC_WARN_UNUSED_FUNCTION = YES;
				GCC_WARN_UNUSED_VARIABLE = YES;
				MACOSX_DEPLOYMENT_TARGET = 14.0;
				MTL_ENABLE_DEBUG_INFO = NO;
				MTL_FAST_MATH = YES;
				SDKROOT = macosx;
				SWIFT_COMPILATION_MODE = wholemodule;
				SWIFT_EMIT_LOC_STRINGS = YES;
				SWIFT_OPTIMIZATION_LEVEL = "-O";
				SWIFT_VERSION = 6.0;
			};
			name = Release;
		};
		E985C5ED25F3AC0800CB895C /* Debug */ = {
			isa = XCBuildConfiguration;
			buildSettings = {
				ASSETCATALOG_COMPILER_APPICON_NAME = AppIcon;
				ASSETCATALOG_COMPILER_GLOBAL_ACCENT_COLOR_NAME = AccentColor;
				CODE_SIGN_ENTITLEMENTS = RsyncUI/RsyncUI.entitlements;
				CODE_SIGN_IDENTITY = "-";
				"CODE_SIGN_IDENTITY[sdk=macosx*]" = "Apple Development";
				CODE_SIGN_STYLE = Automatic;
				COMBINE_HIDPI_IMAGES = YES;
				CURRENT_PROJECT_VERSION = 116;
				DEVELOPMENT_ASSET_PATHS = "\"RsyncUI/Preview Content\"";
				DEVELOPMENT_TEAM = 93M47F4H9T;
				ENABLE_HARDENED_RUNTIME = YES;
				ENABLE_PREVIEWS = YES;
				INFOPLIST_FILE = RsyncUI/Info.plist;
				INFOPLIST_KEY_LSApplicationCategoryType = "public.app-category.utilities";
				LD_RUNPATH_SEARCH_PATHS = (
					"$(inherited)",
					"@executable_path/../Frameworks",
				);
				MACOSX_DEPLOYMENT_TARGET = 14.0;
				MARKETING_VERSION = 2.1.6;
				PRODUCT_BUNDLE_IDENTIFIER = no.blogspot.RsyncUI;
				PRODUCT_NAME = "$(TARGET_NAME)";
				SWIFT_STRICT_CONCURRENCY = complete;
				SWIFT_VERSION = 6.0;
			};
			name = Debug;
		};
		E985C5EE25F3AC0800CB895C /* Release */ = {
			isa = XCBuildConfiguration;
			buildSettings = {
				ASSETCATALOG_COMPILER_APPICON_NAME = AppIcon;
				ASSETCATALOG_COMPILER_GLOBAL_ACCENT_COLOR_NAME = AccentColor;
				CODE_SIGN_ENTITLEMENTS = RsyncUI/RsyncUI.entitlements;
				CODE_SIGN_IDENTITY = "-";
				"CODE_SIGN_IDENTITY[sdk=macosx*]" = "Apple Development";
				CODE_SIGN_STYLE = Automatic;
				COMBINE_HIDPI_IMAGES = YES;
				CURRENT_PROJECT_VERSION = 116;
				DEVELOPMENT_ASSET_PATHS = "\"RsyncUI/Preview Content\"";
				DEVELOPMENT_TEAM = 93M47F4H9T;
				ENABLE_HARDENED_RUNTIME = YES;
				ENABLE_PREVIEWS = YES;
				INFOPLIST_FILE = RsyncUI/Info.plist;
				INFOPLIST_KEY_LSApplicationCategoryType = "public.app-category.utilities";
				LD_RUNPATH_SEARCH_PATHS = (
					"$(inherited)",
					"@executable_path/../Frameworks",
				);
				MACOSX_DEPLOYMENT_TARGET = 14.0;
				MARKETING_VERSION = 2.1.6;
				PRODUCT_BUNDLE_IDENTIFIER = no.blogspot.RsyncUI;
				PRODUCT_NAME = "$(TARGET_NAME)";
				SWIFT_OPTIMIZATION_LEVEL = "-Onone";
				SWIFT_STRICT_CONCURRENCY = complete;
				SWIFT_VERSION = 6.0;
			};
			name = Release;
		};
/* End XCBuildConfiguration section */

/* Begin XCConfigurationList section */
		E985C5BE25F3AC0700CB895C /* Build configuration list for PBXProject "RsyncUI" */ = {
			isa = XCConfigurationList;
			buildConfigurations = (
				E985C5EA25F3AC0800CB895C /* Debug */,
				E985C5EB25F3AC0800CB895C /* Release */,
			);
			defaultConfigurationIsVisible = 0;
			defaultConfigurationName = Release;
		};
		E985C5EC25F3AC0800CB895C /* Build configuration list for PBXNativeTarget "RsyncUI" */ = {
			isa = XCConfigurationList;
			buildConfigurations = (
				E985C5ED25F3AC0800CB895C /* Debug */,
				E985C5EE25F3AC0800CB895C /* Release */,
			);
			defaultConfigurationIsVisible = 0;
			defaultConfigurationName = Release;
		};
/* End XCConfigurationList section */

/* Begin XCRemoteSwiftPackageReference section */
		E911E85C2C6BCD9D00152CD6 /* XCRemoteSwiftPackageReference "SSHCreateKey" */ = {
			isa = XCRemoteSwiftPackageReference;
			repositoryURL = "https://github.com/rsyncOSX/SSHCreateKey.git";
			requirement = {
				branch = main;
				kind = branch;
			};
		};
		E94B878B2C7321090031B27A /* XCRemoteSwiftPackageReference "DecodeEncodeGeneric" */ = {
			isa = XCRemoteSwiftPackageReference;
			repositoryURL = "https://github.com/rsyncOSX/DecodeEncodeGeneric.git";
			requirement = {
				branch = main;
				kind = branch;
			};
		};
		E9BAB99B2C60A611008A1707 /* XCRemoteSwiftPackageReference "RsyncArguments" */ = {
			isa = XCRemoteSwiftPackageReference;
			repositoryURL = "https://github.com/rsyncOSX/RsyncArguments.git";
			requirement = {
				branch = main;
				kind = branch;
			};
		};
		E9C077742C8CCA65005F8669 /* XCRemoteSwiftPackageReference "ParseRsyncOutput" */ = {
			isa = XCRemoteSwiftPackageReference;
			repositoryURL = "https://github.com/rsyncOSX/ParseRsyncOutput";
			requirement = {
				branch = main;
				kind = branch;
			};
		};
/* End XCRemoteSwiftPackageReference section */

/* Begin XCSwiftPackageProductDependency section */
		E911E85D2C6BCD9D00152CD6 /* SSHCreateKey */ = {
			isa = XCSwiftPackageProductDependency;
			package = E911E85C2C6BCD9D00152CD6 /* XCRemoteSwiftPackageReference "SSHCreateKey" */;
			productName = SSHCreateKey;
		};
		E95CA3E32C73230800966D69 /* DecodeEncodeGeneric */ = {
			isa = XCSwiftPackageProductDependency;
			package = E94B878B2C7321090031B27A /* XCRemoteSwiftPackageReference "DecodeEncodeGeneric" */;
			productName = DecodeEncodeGeneric;
		};
		E9BAB99C2C60A611008A1707 /* RsyncArguments */ = {
			isa = XCSwiftPackageProductDependency;
			package = E9BAB99B2C60A611008A1707 /* XCRemoteSwiftPackageReference "RsyncArguments" */;
			productName = RsyncArguments;
		};
		E9C077752C8CCA65005F8669 /* ParseRsyncOutput */ = {
			isa = XCSwiftPackageProductDependency;
			package = E9C077742C8CCA65005F8669 /* XCRemoteSwiftPackageReference "ParseRsyncOutput" */;
			productName = ParseRsyncOutput;
		};
/* End XCSwiftPackageProductDependency section */
	};
	rootObject = E985C5BB25F3AC0700CB895C /* Project object */;
}
