// !$*UTF8*$!
{
	archiveVersion = 1;
	classes = {
	};
	objectVersion = 70;
	objects = {

/* Begin PBXBuildFile section */
		E911E85E2C6BCD9D00152CD6 /* SSHCreateKey in Frameworks */ = {isa = PBXBuildFile; productRef = E911E85D2C6BCD9D00152CD6 /* SSHCreateKey */; };
		E95CA3E42C73230800966D69 /* DecodeEncodeGeneric in Frameworks */ = {isa = PBXBuildFile; productRef = E95CA3E32C73230800966D69 /* DecodeEncodeGeneric */; };
		E988C83D2D3699FE00F0F694 /* WidgetKit.framework in Frameworks */ = {isa = PBXBuildFile; fileRef = E961CC042D33B3C400A5F5A5 /* WidgetKit.framework */; };
		E988C83E2D3699FE00F0F694 /* SwiftUI.framework in Frameworks */ = {isa = PBXBuildFile; fileRef = E961CC062D33B3C400A5F5A5 /* SwiftUI.framework */; };
		E988C84A2D3699FE00F0F694 /* RsyncUIWidgetVerifyExtension.appex in Embed Foundation Extensions */ = {isa = PBXBuildFile; fileRef = E988C83C2D3699FE00F0F694 /* RsyncUIWidgetVerifyExtension.appex */; settings = {ATTRIBUTES = (RemoveHeadersOnCopy, ); }; };
		E988C8502D369AB000F0F694 /* DecodeEncodeGeneric in Frameworks */ = {isa = PBXBuildFile; productRef = E988C84F2D369AB000F0F694 /* DecodeEncodeGeneric */; };
		E99DE0F926A32F8B00A08A69 /* Credits.rtf in Resources */ = {isa = PBXBuildFile; fileRef = E99DE0F826A32F8B00A08A69 /* Credits.rtf */; };
		E9BAB99D2C60A611008A1707 /* RsyncArguments in Frameworks */ = {isa = PBXBuildFile; productRef = E9BAB99C2C60A611008A1707 /* RsyncArguments */; };
		E9C077762C8CCA65005F8669 /* ParseRsyncOutput in Frameworks */ = {isa = PBXBuildFile; productRef = E9C077752C8CCA65005F8669 /* ParseRsyncOutput */; };
		E9C566062D1BF046009C540F /* RsyncUIDeepLinks in Frameworks */ = {isa = PBXBuildFile; productRef = E9C566052D1BF046009C540F /* RsyncUIDeepLinks */; };
		E9DA3DD02D35116500F88799 /* WidgetKit.framework in Frameworks */ = {isa = PBXBuildFile; fileRef = E961CC042D33B3C400A5F5A5 /* WidgetKit.framework */; };
		E9DA3DD12D35116500F88799 /* SwiftUI.framework in Frameworks */ = {isa = PBXBuildFile; fileRef = E961CC062D33B3C400A5F5A5 /* SwiftUI.framework */; };
		E9DA3DDD2D35116600F88799 /* RsyncUIWidgetEstimateExtension.appex in Embed Foundation Extensions */ = {isa = PBXBuildFile; fileRef = E9DA3DCF2D35116500F88799 /* RsyncUIWidgetEstimateExtension.appex */; settings = {ATTRIBUTES = (RemoveHeadersOnCopy, ); }; };
		E9DE70E12D3652D700EE0F5C /* DecodeEncodeGeneric in Frameworks */ = {isa = PBXBuildFile; productRef = E9DE70E02D3652D700EE0F5C /* DecodeEncodeGeneric */; };
		E9E63D502D36E7BC0060C4DA /* RsyncUIDeepLinks in Frameworks */ = {isa = PBXBuildFile; productRef = E9E63D4F2D36E7BC0060C4DA /* RsyncUIDeepLinks */; };
		E9E63D522D36E7C60060C4DA /* RsyncUIDeepLinks in Frameworks */ = {isa = PBXBuildFile; productRef = E9E63D512D36E7C60060C4DA /* RsyncUIDeepLinks */; };
/* End PBXBuildFile section */

/* Begin PBXContainerItemProxy section */
		E988C8482D3699FE00F0F694 /* PBXContainerItemProxy */ = {
			isa = PBXContainerItemProxy;
			containerPortal = E985C5BB25F3AC0700CB895C /* Project object */;
			proxyType = 1;
			remoteGlobalIDString = E988C83B2D3699FE00F0F694;
			remoteInfo = RsyncUIWidgetVerifyExtension;
		};
		E9DA3DDB2D35116600F88799 /* PBXContainerItemProxy */ = {
			isa = PBXContainerItemProxy;
			containerPortal = E985C5BB25F3AC0700CB895C /* Project object */;
			proxyType = 1;
			remoteGlobalIDString = E9DA3DCE2D35116500F88799;
			remoteInfo = RsyncUIWidgetEstimateExtension;
		};
/* End PBXContainerItemProxy section */

/* Begin PBXCopyFilesBuildPhase section */
		E9532FFB2D31177900D5B7A7 /* Embed Foundation Extensions */ = {
			isa = PBXCopyFilesBuildPhase;
			buildActionMask = 2147483647;
			dstPath = "";
			dstSubfolderSpec = 13;
			files = (
				E9DA3DDD2D35116600F88799 /* RsyncUIWidgetEstimateExtension.appex in Embed Foundation Extensions */,
				E988C84A2D3699FE00F0F694 /* RsyncUIWidgetVerifyExtension.appex in Embed Foundation Extensions */,
			);
			name = "Embed Foundation Extensions";
			runOnlyForDeploymentPostprocessing = 0;
		};
/* End PBXCopyFilesBuildPhase section */

/* Begin PBXFileReference section */
		E961CC042D33B3C400A5F5A5 /* WidgetKit.framework */ = {isa = PBXFileReference; lastKnownFileType = wrapper.framework; name = WidgetKit.framework; path = System/Library/Frameworks/WidgetKit.framework; sourceTree = SDKROOT; };
		E961CC062D33B3C400A5F5A5 /* SwiftUI.framework */ = {isa = PBXFileReference; lastKnownFileType = wrapper.framework; name = SwiftUI.framework; path = System/Library/Frameworks/SwiftUI.framework; sourceTree = SDKROOT; };
		E985C5C325F3AC0700CB895C /* RsyncUI.app */ = {isa = PBXFileReference; explicitFileType = wrapper.application; includeInIndex = 0; path = RsyncUI.app; sourceTree = BUILT_PRODUCTS_DIR; };
		E988C83C2D3699FE00F0F694 /* RsyncUIWidgetVerifyExtension.appex */ = {isa = PBXFileReference; explicitFileType = "wrapper.app-extension"; includeInIndex = 0; path = RsyncUIWidgetVerifyExtension.appex; sourceTree = BUILT_PRODUCTS_DIR; };
		E99DE0F826A32F8B00A08A69 /* Credits.rtf */ = {isa = PBXFileReference; lastKnownFileType = text.rtf; path = Credits.rtf; sourceTree = "<group>"; };
		E9DA3DCF2D35116500F88799 /* RsyncUIWidgetEstimateExtension.appex */ = {isa = PBXFileReference; explicitFileType = "wrapper.app-extension"; includeInIndex = 0; path = RsyncUIWidgetEstimateExtension.appex; sourceTree = BUILT_PRODUCTS_DIR; };
/* End PBXFileReference section */

/* Begin PBXFileSystemSynchronizedBuildFileExceptionSet section */
		E9DA3DE12D35116600F88799 /* PBXFileSystemSynchronizedBuildFileExceptionSet */ = {
			isa = PBXFileSystemSynchronizedBuildFileExceptionSet;
			membershipExceptions = (
				Info.plist,
			);
			target = E9DA3DCE2D35116500F88799 /* RsyncUIWidgetEstimateExtension */;
		};
		E9EF76492D2D6DC70039D1D4 /* PBXFileSystemSynchronizedBuildFileExceptionSet */ = {
			isa = PBXFileSystemSynchronizedBuildFileExceptionSet;
			membershipExceptions = (
				Info.plist,
			);
			target = E985C5C225F3AC0700CB895C /* RsyncUI */;
		};
/* End PBXFileSystemSynchronizedBuildFileExceptionSet section */

/* Begin PBXFileSystemSynchronizedRootGroup section */
		E988C83F2D3699FE00F0F694 /* RsyncUIWidgetVerify */ = {isa = PBXFileSystemSynchronizedRootGroup; explicitFileTypes = {}; explicitFolders = (); path = RsyncUIWidgetVerify; sourceTree = "<group>"; };
		E9DA3DD22D35116500F88799 /* RsyncUIWidgetEstimate */ = {isa = PBXFileSystemSynchronizedRootGroup; exceptions = (E9DA3DE12D35116600F88799 /* PBXFileSystemSynchronizedBuildFileExceptionSet */, ); explicitFileTypes = {}; explicitFolders = (); path = RsyncUIWidgetEstimate; sourceTree = "<group>"; };
		E9EF75A62D2D6DC70039D1D4 /* RsyncUI */ = {isa = PBXFileSystemSynchronizedRootGroup; exceptions = (E9EF76492D2D6DC70039D1D4 /* PBXFileSystemSynchronizedBuildFileExceptionSet */, ); explicitFileTypes = {}; explicitFolders = (); path = RsyncUI; sourceTree = "<group>"; };
/* End PBXFileSystemSynchronizedRootGroup section */

/* Begin PBXFrameworksBuildPhase section */
		E985C5C025F3AC0700CB895C /* Frameworks */ = {
			isa = PBXFrameworksBuildPhase;
			buildActionMask = 2147483647;
			files = (
				E9C566062D1BF046009C540F /* RsyncUIDeepLinks in Frameworks */,
				E9C077762C8CCA65005F8669 /* ParseRsyncOutput in Frameworks */,
				E9BAB99D2C60A611008A1707 /* RsyncArguments in Frameworks */,
				E95CA3E42C73230800966D69 /* DecodeEncodeGeneric in Frameworks */,
				E911E85E2C6BCD9D00152CD6 /* SSHCreateKey in Frameworks */,
			);
			runOnlyForDeploymentPostprocessing = 0;
		};
		E988C8392D3699FE00F0F694 /* Frameworks */ = {
			isa = PBXFrameworksBuildPhase;
			buildActionMask = 2147483647;
			files = (
				E9E63D522D36E7C60060C4DA /* RsyncUIDeepLinks in Frameworks */,
				E988C8502D369AB000F0F694 /* DecodeEncodeGeneric in Frameworks */,
				E988C83E2D3699FE00F0F694 /* SwiftUI.framework in Frameworks */,
				E988C83D2D3699FE00F0F694 /* WidgetKit.framework in Frameworks */,
			);
			runOnlyForDeploymentPostprocessing = 0;
		};
		E9DA3DCC2D35116500F88799 /* Frameworks */ = {
			isa = PBXFrameworksBuildPhase;
			buildActionMask = 2147483647;
			files = (
				E9E63D502D36E7BC0060C4DA /* RsyncUIDeepLinks in Frameworks */,
				E9DA3DD12D35116500F88799 /* SwiftUI.framework in Frameworks */,
				E9DE70E12D3652D700EE0F5C /* DecodeEncodeGeneric in Frameworks */,
				E9DA3DD02D35116500F88799 /* WidgetKit.framework in Frameworks */,
			);
			runOnlyForDeploymentPostprocessing = 0;
		};
/* End PBXFrameworksBuildPhase section */

/* Begin PBXGroup section */
		E961CC032D33B3C400A5F5A5 /* Frameworks */ = {
			isa = PBXGroup;
			children = (
				E961CC042D33B3C400A5F5A5 /* WidgetKit.framework */,
				E961CC062D33B3C400A5F5A5 /* SwiftUI.framework */,
			);
			name = Frameworks;
			sourceTree = "<group>";
		};
		E985C5BA25F3AC0700CB895C = {
			isa = PBXGroup;
			children = (
				E99DE0F826A32F8B00A08A69 /* Credits.rtf */,
				E9EF75A62D2D6DC70039D1D4 /* RsyncUI */,
				E9DA3DD22D35116500F88799 /* RsyncUIWidgetEstimate */,
				E988C83F2D3699FE00F0F694 /* RsyncUIWidgetVerify */,
				E961CC032D33B3C400A5F5A5 /* Frameworks */,
				E985C5C425F3AC0700CB895C /* Products */,
			);
			sourceTree = "<group>";
		};
		E985C5C425F3AC0700CB895C /* Products */ = {
			isa = PBXGroup;
			children = (
				E985C5C325F3AC0700CB895C /* RsyncUI.app */,
				E9DA3DCF2D35116500F88799 /* RsyncUIWidgetEstimateExtension.appex */,
				E988C83C2D3699FE00F0F694 /* RsyncUIWidgetVerifyExtension.appex */,
			);
			name = Products;
			sourceTree = "<group>";
		};
/* End PBXGroup section */

/* Begin PBXNativeTarget section */
		E985C5C225F3AC0700CB895C /* RsyncUI */ = {
			isa = PBXNativeTarget;
			buildConfigurationList = E985C5EC25F3AC0800CB895C /* Build configuration list for PBXNativeTarget "RsyncUI" */;
			buildPhases = (
				E985C5BF25F3AC0700CB895C /* Sources */,
				E985C5C025F3AC0700CB895C /* Frameworks */,
				E985C5C125F3AC0700CB895C /* Resources */,
				E9532FFB2D31177900D5B7A7 /* Embed Foundation Extensions */,
			);
			buildRules = (
			);
			dependencies = (
				E9DA3DDC2D35116600F88799 /* PBXTargetDependency */,
				E988C8492D3699FE00F0F694 /* PBXTargetDependency */,
			);
			fileSystemSynchronizedGroups = (
				E9EF75A62D2D6DC70039D1D4 /* RsyncUI */,
			);
			name = RsyncUI;
			packageProductDependencies = (
				E9BAB99C2C60A611008A1707 /* RsyncArguments */,
				E911E85D2C6BCD9D00152CD6 /* SSHCreateKey */,
				E95CA3E32C73230800966D69 /* DecodeEncodeGeneric */,
				E9C077752C8CCA65005F8669 /* ParseRsyncOutput */,
				E9C566052D1BF046009C540F /* RsyncUIDeepLinks */,
			);
			productName = RsyncUI;
			productReference = E985C5C325F3AC0700CB895C /* RsyncUI.app */;
			productType = "com.apple.product-type.application";
		};
		E988C83B2D3699FE00F0F694 /* RsyncUIWidgetVerifyExtension */ = {
			isa = PBXNativeTarget;
			buildConfigurationList = E988C84D2D3699FE00F0F694 /* Build configuration list for PBXNativeTarget "RsyncUIWidgetVerifyExtension" */;
			buildPhases = (
				E988C8382D3699FE00F0F694 /* Sources */,
				E988C8392D3699FE00F0F694 /* Frameworks */,
				E988C83A2D3699FE00F0F694 /* Resources */,
			);
			buildRules = (
			);
			dependencies = (
			);
			fileSystemSynchronizedGroups = (
				E988C83F2D3699FE00F0F694 /* RsyncUIWidgetVerify */,
			);
			name = RsyncUIWidgetVerifyExtension;
			packageProductDependencies = (
				E988C84F2D369AB000F0F694 /* DecodeEncodeGeneric */,
				E9E63D512D36E7C60060C4DA /* RsyncUIDeepLinks */,
			);
			productName = RsyncUIWidgetVerifyExtension;
			productReference = E988C83C2D3699FE00F0F694 /* RsyncUIWidgetVerifyExtension.appex */;
			productType = "com.apple.product-type.app-extension";
		};
		E9DA3DCE2D35116500F88799 /* RsyncUIWidgetEstimateExtension */ = {
			isa = PBXNativeTarget;
			buildConfigurationList = E9DA3DE02D35116600F88799 /* Build configuration list for PBXNativeTarget "RsyncUIWidgetEstimateExtension" */;
			buildPhases = (
				E9DA3DCB2D35116500F88799 /* Sources */,
				E9DA3DCC2D35116500F88799 /* Frameworks */,
				E9DA3DCD2D35116500F88799 /* Resources */,
			);
			buildRules = (
			);
			dependencies = (
			);
			fileSystemSynchronizedGroups = (
				E9DA3DD22D35116500F88799 /* RsyncUIWidgetEstimate */,
			);
			name = RsyncUIWidgetEstimateExtension;
			packageProductDependencies = (
				E9DE70E02D3652D700EE0F5C /* DecodeEncodeGeneric */,
				E9E63D4F2D36E7BC0060C4DA /* RsyncUIDeepLinks */,
			);
			productName = RsyncUIWidgetEstimateExtension;
			productReference = E9DA3DCF2D35116500F88799 /* RsyncUIWidgetEstimateExtension.appex */;
			productType = "com.apple.product-type.app-extension";
		};
/* End PBXNativeTarget section */

/* Begin PBXProject section */
		E985C5BB25F3AC0700CB895C /* Project object */ = {
			isa = PBXProject;
			attributes = {
				BuildIndependentTargetsInParallel = YES;
				LastSwiftUpdateCheck = 1620;
				LastUpgradeCheck = 1620;
				TargetAttributes = {
					E985C5C225F3AC0700CB895C = {
						CreatedOnToolsVersion = 12.4;
					};
					E988C83B2D3699FE00F0F694 = {
						CreatedOnToolsVersion = 16.2;
					};
					E9DA3DCE2D35116500F88799 = {
						CreatedOnToolsVersion = 16.2;
					};
				};
			};
			buildConfigurationList = E985C5BE25F3AC0700CB895C /* Build configuration list for PBXProject "RsyncUI" */;
			compatibilityVersion = "Xcode 12.0";
			developmentRegion = en;
			hasScannedForEncodings = 0;
			knownRegions = (
				en,
				Base,
				nb,
				de,
			);
			mainGroup = E985C5BA25F3AC0700CB895C;
			packageReferences = (
				E9BAB99B2C60A611008A1707 /* XCRemoteSwiftPackageReference "RsyncArguments" */,
				E911E85C2C6BCD9D00152CD6 /* XCRemoteSwiftPackageReference "SSHCreateKey" */,
				E94B878B2C7321090031B27A /* XCRemoteSwiftPackageReference "DecodeEncodeGeneric" */,
				E9C077742C8CCA65005F8669 /* XCRemoteSwiftPackageReference "ParseRsyncOutput" */,
				E9C566042D1BF046009C540F /* XCRemoteSwiftPackageReference "RsyncUIDeepLinks" */,
			);
			productRefGroup = E985C5C425F3AC0700CB895C /* Products */;
			projectDirPath = "";
			projectRoot = "";
			targets = (
				E985C5C225F3AC0700CB895C /* RsyncUI */,
				E9DA3DCE2D35116500F88799 /* RsyncUIWidgetEstimateExtension */,
				E988C83B2D3699FE00F0F694 /* RsyncUIWidgetVerifyExtension */,
			);
		};
/* End PBXProject section */

/* Begin PBXResourcesBuildPhase section */
		E985C5C125F3AC0700CB895C /* Resources */ = {
			isa = PBXResourcesBuildPhase;
			buildActionMask = 2147483647;
			files = (
				E99DE0F926A32F8B00A08A69 /* Credits.rtf in Resources */,
			);
			runOnlyForDeploymentPostprocessing = 0;
		};
		E988C83A2D3699FE00F0F694 /* Resources */ = {
			isa = PBXResourcesBuildPhase;
			buildActionMask = 2147483647;
			files = (
			);
			runOnlyForDeploymentPostprocessing = 0;
		};
		E9DA3DCD2D35116500F88799 /* Resources */ = {
			isa = PBXResourcesBuildPhase;
			buildActionMask = 2147483647;
			files = (
			);
			runOnlyForDeploymentPostprocessing = 0;
		};
/* End PBXResourcesBuildPhase section */

/* Begin PBXSourcesBuildPhase section */
		E985C5BF25F3AC0700CB895C /* Sources */ = {
			isa = PBXSourcesBuildPhase;
			buildActionMask = 2147483647;
			files = (
			);
			runOnlyForDeploymentPostprocessing = 0;
		};
		E988C8382D3699FE00F0F694 /* Sources */ = {
			isa = PBXSourcesBuildPhase;
			buildActionMask = 2147483647;
			files = (
			);
			runOnlyForDeploymentPostprocessing = 0;
		};
		E9DA3DCB2D35116500F88799 /* Sources */ = {
			isa = PBXSourcesBuildPhase;
			buildActionMask = 2147483647;
			files = (
			);
			runOnlyForDeploymentPostprocessing = 0;
		};
/* End PBXSourcesBuildPhase section */

/* Begin PBXTargetDependency section */
		E988C8492D3699FE00F0F694 /* PBXTargetDependency */ = {
			isa = PBXTargetDependency;
			target = E988C83B2D3699FE00F0F694 /* RsyncUIWidgetVerifyExtension */;
			targetProxy = E988C8482D3699FE00F0F694 /* PBXContainerItemProxy */;
		};
		E9DA3DDC2D35116600F88799 /* PBXTargetDependency */ = {
			isa = PBXTargetDependency;
			target = E9DA3DCE2D35116500F88799 /* RsyncUIWidgetEstimateExtension */;
			targetProxy = E9DA3DDB2D35116600F88799 /* PBXContainerItemProxy */;
		};
/* End PBXTargetDependency section */

/* Begin XCBuildConfiguration section */
		E985C5EA25F3AC0800CB895C /* Debug */ = {
			isa = XCBuildConfiguration;
			buildSettings = {
				ALWAYS_SEARCH_USER_PATHS = NO;
				ASSETCATALOG_COMPILER_GENERATE_SWIFT_ASSET_SYMBOL_EXTENSIONS = YES;
				CLANG_ANALYZER_LOCALIZABILITY_NONLOCALIZED = YES;
				CLANG_ANALYZER_NONNULL = YES;
				CLANG_ANALYZER_NUMBER_OBJECT_CONVERSION = YES_AGGRESSIVE;
				CLANG_CXX_LANGUAGE_STANDARD = "gnu++14";
				CLANG_CXX_LIBRARY = "libc++";
				CLANG_ENABLE_MODULES = YES;
				CLANG_ENABLE_OBJC_ARC = YES;
				CLANG_ENABLE_OBJC_WEAK = YES;
				CLANG_WARN_BLOCK_CAPTURE_AUTORELEASING = YES;
				CLANG_WARN_BOOL_CONVERSION = YES;
				CLANG_WARN_COMMA = YES;
				CLANG_WARN_CONSTANT_CONVERSION = YES;
				CLANG_WARN_DEPRECATED_OBJC_IMPLEMENTATIONS = YES;
				CLANG_WARN_DIRECT_OBJC_ISA_USAGE = YES_ERROR;
				CLANG_WARN_DOCUMENTATION_COMMENTS = YES;
				CLANG_WARN_EMPTY_BODY = YES;
				CLANG_WARN_ENUM_CONVERSION = YES;
				CLANG_WARN_INFINITE_RECURSION = YES;
				CLANG_WARN_INT_CONVERSION = YES;
				CLANG_WARN_NON_LITERAL_NULL_CONVERSION = YES;
				CLANG_WARN_OBJC_IMPLICIT_RETAIN_SELF = YES;
				CLANG_WARN_OBJC_LITERAL_CONVERSION = YES;
				CLANG_WARN_OBJC_ROOT_CLASS = YES_ERROR;
				CLANG_WARN_QUOTED_INCLUDE_IN_FRAMEWORK_HEADER = YES;
				CLANG_WARN_RANGE_LOOP_ANALYSIS = YES;
				CLANG_WARN_STRICT_PROTOTYPES = YES;
				CLANG_WARN_SUSPICIOUS_MOVE = YES;
				CLANG_WARN_UNGUARDED_AVAILABILITY = YES_AGGRESSIVE;
				CLANG_WARN_UNREACHABLE_CODE = YES;
				CLANG_WARN__DUPLICATE_METHOD_MATCH = YES;
				COPY_PHASE_STRIP = NO;
				DEAD_CODE_STRIPPING = YES;
				DEBUG_INFORMATION_FORMAT = dwarf;
				ENABLE_STRICT_OBJC_MSGSEND = YES;
				ENABLE_TESTABILITY = YES;
				ENABLE_USER_SCRIPT_SANDBOXING = YES;
				GCC_C_LANGUAGE_STANDARD = gnu11;
				GCC_DYNAMIC_NO_PIC = NO;
				GCC_NO_COMMON_BLOCKS = YES;
				GCC_OPTIMIZATION_LEVEL = 0;
				GCC_PREPROCESSOR_DEFINITIONS = (
					"DEBUG=1",
					"$(inherited)",
				);
				GCC_WARN_64_TO_32_BIT_CONVERSION = YES;
				GCC_WARN_ABOUT_RETURN_TYPE = YES_ERROR;
				GCC_WARN_UNDECLARED_SELECTOR = YES;
				GCC_WARN_UNINITIALIZED_AUTOS = YES_AGGRESSIVE;
				GCC_WARN_UNUSED_FUNCTION = YES;
				GCC_WARN_UNUSED_VARIABLE = YES;
				MACOSX_DEPLOYMENT_TARGET = 14.0;
				MTL_ENABLE_DEBUG_INFO = INCLUDE_SOURCE;
				MTL_FAST_MATH = YES;
				ONLY_ACTIVE_ARCH = YES;
				SDKROOT = macosx;
				SWIFT_ACTIVE_COMPILATION_CONDITIONS = DEBUG;
				SWIFT_EMIT_LOC_STRINGS = YES;
				SWIFT_OPTIMIZATION_LEVEL = "-Onone";
				SWIFT_VERSION = 6.0;
			};
			name = Debug;
		};
		E985C5EB25F3AC0800CB895C /* Release */ = {
			isa = XCBuildConfiguration;
			buildSettings = {
				ALWAYS_SEARCH_USER_PATHS = NO;
				ASSETCATALOG_COMPILER_GENERATE_SWIFT_ASSET_SYMBOL_EXTENSIONS = YES;
				CLANG_ANALYZER_LOCALIZABILITY_NONLOCALIZED = YES;
				CLANG_ANALYZER_NONNULL = YES;
				CLANG_ANALYZER_NUMBER_OBJECT_CONVERSION = YES_AGGRESSIVE;
				CLANG_CXX_LANGUAGE_STANDARD = "gnu++14";
				CLANG_CXX_LIBRARY = "libc++";
				CLANG_ENABLE_MODULES = YES;
				CLANG_ENABLE_OBJC_ARC = YES;
				CLANG_ENABLE_OBJC_WEAK = YES;
				CLANG_WARN_BLOCK_CAPTURE_AUTORELEASING = YES;
				CLANG_WARN_BOOL_CONVERSION = YES;
				CLANG_WARN_COMMA = YES;
				CLANG_WARN_CONSTANT_CONVERSION = YES;
				CLANG_WARN_DEPRECATED_OBJC_IMPLEMENTATIONS = YES;
				CLANG_WARN_DIRECT_OBJC_ISA_USAGE = YES_ERROR;
				CLANG_WARN_DOCUMENTATION_COMMENTS = YES;
				CLANG_WARN_EMPTY_BODY = YES;
				CLANG_WARN_ENUM_CONVERSION = YES;
				CLANG_WARN_INFINITE_RECURSION = YES;
				CLANG_WARN_INT_CONVERSION = YES;
				CLANG_WARN_NON_LITERAL_NULL_CONVERSION = YES;
				CLANG_WARN_OBJC_IMPLICIT_RETAIN_SELF = YES;
				CLANG_WARN_OBJC_LITERAL_CONVERSION = YES;
				CLANG_WARN_OBJC_ROOT_CLASS = YES_ERROR;
				CLANG_WARN_QUOTED_INCLUDE_IN_FRAMEWORK_HEADER = YES;
				CLANG_WARN_RANGE_LOOP_ANALYSIS = YES;
				CLANG_WARN_STRICT_PROTOTYPES = YES;
				CLANG_WARN_SUSPICIOUS_MOVE = YES;
				CLANG_WARN_UNGUARDED_AVAILABILITY = YES_AGGRESSIVE;
				CLANG_WARN_UNREACHABLE_CODE = YES;
				CLANG_WARN__DUPLICATE_METHOD_MATCH = YES;
				COPY_PHASE_STRIP = NO;
				DEAD_CODE_STRIPPING = YES;
				DEBUG_INFORMATION_FORMAT = "dwarf-with-dsym";
				ENABLE_NS_ASSERTIONS = NO;
				ENABLE_STRICT_OBJC_MSGSEND = YES;
				ENABLE_USER_SCRIPT_SANDBOXING = YES;
				GCC_C_LANGUAGE_STANDARD = gnu11;
				GCC_NO_COMMON_BLOCKS = YES;
				GCC_WARN_64_TO_32_BIT_CONVERSION = YES;
				GCC_WARN_ABOUT_RETURN_TYPE = YES_ERROR;
				GCC_WARN_UNDECLARED_SELECTOR = YES;
				GCC_WARN_UNINITIALIZED_AUTOS = YES_AGGRESSIVE;
				GCC_WARN_UNUSED_FUNCTION = YES;
				GCC_WARN_UNUSED_VARIABLE = YES;
				MACOSX_DEPLOYMENT_TARGET = 14.0;
				MTL_ENABLE_DEBUG_INFO = NO;
				MTL_FAST_MATH = YES;
				SDKROOT = macosx;
				SWIFT_COMPILATION_MODE = wholemodule;
				SWIFT_EMIT_LOC_STRINGS = YES;
				SWIFT_OPTIMIZATION_LEVEL = "-O";
				SWIFT_VERSION = 6.0;
			};
			name = Release;
		};
		E985C5ED25F3AC0800CB895C /* Debug */ = {
			isa = XCBuildConfiguration;
			buildSettings = {
				ASSETCATALOG_COMPILER_APPICON_NAME = AppIcon;
				ASSETCATALOG_COMPILER_GLOBAL_ACCENT_COLOR_NAME = AccentColor;
				CODE_SIGN_ENTITLEMENTS = RsyncUI/RsyncUI.entitlements;
				CODE_SIGN_IDENTITY = "-";
				"CODE_SIGN_IDENTITY[sdk=macosx*]" = "Apple Development";
				CODE_SIGN_STYLE = Automatic;
				COMBINE_HIDPI_IMAGES = YES;
				CURRENT_PROJECT_VERSION = 130;
				DEAD_CODE_STRIPPING = YES;
				DEVELOPMENT_ASSET_PATHS = "\"RsyncUI/Preview Content\"";
				DEVELOPMENT_TEAM = 93M47F4H9T;
				ENABLE_HARDENED_RUNTIME = YES;
				ENABLE_PREVIEWS = YES;
				INFOPLIST_FILE = RsyncUI/Info.plist;
				INFOPLIST_KEY_LSApplicationCategoryType = "public.app-category.utilities";
				LD_RUNPATH_SEARCH_PATHS = (
					"$(inherited)",
					"@executable_path/../Frameworks",
				);
				MACOSX_DEPLOYMENT_TARGET = 14.0;
				MARKETING_VERSION = 2.3.0;
				PRODUCT_BUNDLE_IDENTIFIER = no.blogspot.RsyncUI;
				PRODUCT_NAME = "$(TARGET_NAME)";
				SWIFT_STRICT_CONCURRENCY = complete;
				SWIFT_VERSION = 6.0;
			};
			name = Debug;
		};
		E985C5EE25F3AC0800CB895C /* Release */ = {
			isa = XCBuildConfiguration;
			buildSettings = {
				ASSETCATALOG_COMPILER_APPICON_NAME = AppIcon;
				ASSETCATALOG_COMPILER_GLOBAL_ACCENT_COLOR_NAME = AccentColor;
				CODE_SIGN_ENTITLEMENTS = RsyncUI/RsyncUI.entitlements;
				CODE_SIGN_IDENTITY = "-";
				"CODE_SIGN_IDENTITY[sdk=macosx*]" = "Apple Development";
				CODE_SIGN_STYLE = Automatic;
				COMBINE_HIDPI_IMAGES = YES;
				CURRENT_PROJECT_VERSION = 130;
				DEAD_CODE_STRIPPING = YES;
				DEVELOPMENT_ASSET_PATHS = "\"RsyncUI/Preview Content\"";
				DEVELOPMENT_TEAM = 93M47F4H9T;
				ENABLE_HARDENED_RUNTIME = YES;
				ENABLE_PREVIEWS = YES;
				INFOPLIST_FILE = RsyncUI/Info.plist;
				INFOPLIST_KEY_LSApplicationCategoryType = "public.app-category.utilities";
				LD_RUNPATH_SEARCH_PATHS = (
					"$(inherited)",
					"@executable_path/../Frameworks",
				);
				MACOSX_DEPLOYMENT_TARGET = 14.0;
				MARKETING_VERSION = 2.3.0;
				PRODUCT_BUNDLE_IDENTIFIER = no.blogspot.RsyncUI;
				PRODUCT_NAME = "$(TARGET_NAME)";
				SWIFT_OPTIMIZATION_LEVEL = "-Onone";
				SWIFT_STRICT_CONCURRENCY = complete;
				SWIFT_VERSION = 6.0;
			};
			name = Release;
		};
		E988C84B2D3699FE00F0F694 /* Debug */ = {
			isa = XCBuildConfiguration;
			buildSettings = {
				ASSETCATALOG_COMPILER_GLOBAL_ACCENT_COLOR_NAME = AccentColor;
				ASSETCATALOG_COMPILER_WIDGET_BACKGROUND_COLOR_NAME = WidgetBackground;
				CLANG_CXX_LANGUAGE_STANDARD = "gnu++20";
				CODE_SIGN_ENTITLEMENTS = RsyncUIWidgetVerify/RsyncUIWidgetVerify.entitlements;
				CODE_SIGN_IDENTITY = "-";
				"CODE_SIGN_IDENTITY[sdk=macosx*]" = "Apple Development";
				CODE_SIGN_STYLE = Automatic;
				CURRENT_PROJECT_VERSION = 130;
				DEVELOPMENT_TEAM = 93M47F4H9T;
				ENABLE_HARDENED_RUNTIME = YES;
				GCC_C_LANGUAGE_STANDARD = gnu17;
				GENERATE_INFOPLIST_FILE = YES;
				INFOPLIST_FILE = RsyncUIWidgetVerify/Info.plist;
				INFOPLIST_KEY_CFBundleDisplayName = RsyncUIWidgetVerify;
				INFOPLIST_KEY_NSHumanReadableCopyright = "";
				LD_RUNPATH_SEARCH_PATHS = (
					"$(inherited)",
					"@executable_path/../Frameworks",
					"@executable_path/../../../../Frameworks",
				);
				LOCALIZATION_PREFERS_STRING_CATALOGS = YES;
				MACOSX_DEPLOYMENT_TARGET = 14.0;
				MARKETING_VERSION = 2.3.0;
				PRODUCT_BUNDLE_IDENTIFIER = no.blogspot.RsyncUI.RsyncUIWidgetVerify;
				PRODUCT_NAME = "$(TARGET_NAME)";
				SKIP_INSTALL = YES;
				SWIFT_ACTIVE_COMPILATION_CONDITIONS = "DEBUG $(inherited)";
				SWIFT_EMIT_LOC_STRINGS = YES;
				SWIFT_VERSION = 5.0;
			};
			name = Debug;
		};
		E988C84C2D3699FE00F0F694 /* Release */ = {
			isa = XCBuildConfiguration;
			buildSettings = {
				ASSETCATALOG_COMPILER_GLOBAL_ACCENT_COLOR_NAME = AccentColor;
				ASSETCATALOG_COMPILER_WIDGET_BACKGROUND_COLOR_NAME = WidgetBackground;
				CLANG_CXX_LANGUAGE_STANDARD = "gnu++20";
				CODE_SIGN_ENTITLEMENTS = RsyncUIWidgetVerify/RsyncUIWidgetVerify.entitlements;
				CODE_SIGN_IDENTITY = "-";
				"CODE_SIGN_IDENTITY[sdk=macosx*]" = "Apple Development";
				CODE_SIGN_STYLE = Automatic;
				CURRENT_PROJECT_VERSION = 130;
				DEVELOPMENT_TEAM = 93M47F4H9T;
				ENABLE_HARDENED_RUNTIME = YES;
				GCC_C_LANGUAGE_STANDARD = gnu17;
				GENERATE_INFOPLIST_FILE = YES;
				INFOPLIST_FILE = RsyncUIWidgetVerify/Info.plist;
				INFOPLIST_KEY_CFBundleDisplayName = RsyncUIWidgetVerify;
				INFOPLIST_KEY_NSHumanReadableCopyright = "";
				LD_RUNPATH_SEARCH_PATHS = (
					"$(inherited)",
					"@executable_path/../Frameworks",
					"@executable_path/../../../../Frameworks",
				);
				LOCALIZATION_PREFERS_STRING_CATALOGS = YES;
				MACOSX_DEPLOYMENT_TARGET = 14.0;
				MARKETING_VERSION = 2.3.0;
				PRODUCT_BUNDLE_IDENTIFIER = no.blogspot.RsyncUI.RsyncUIWidgetVerify;
				PRODUCT_NAME = "$(TARGET_NAME)";
				SKIP_INSTALL = YES;
				SWIFT_EMIT_LOC_STRINGS = YES;
				SWIFT_VERSION = 5.0;
			};
			name = Release;
		};
		E9DA3DDE2D35116600F88799 /* Debug */ = {
			isa = XCBuildConfiguration;
			buildSettings = {
				ASSETCATALOG_COMPILER_GLOBAL_ACCENT_COLOR_NAME = AccentColor;
				ASSETCATALOG_COMPILER_WIDGET_BACKGROUND_COLOR_NAME = WidgetBackground;
				CLANG_CXX_LANGUAGE_STANDARD = "gnu++20";
				CODE_SIGN_ENTITLEMENTS = RsyncUIWidgetEstimate/RsyncUIWidgetEstimate.entitlements;
				CODE_SIGN_IDENTITY = "-";
				"CODE_SIGN_IDENTITY[sdk=macosx*]" = "Apple Development";
				CODE_SIGN_STYLE = Automatic;
				CURRENT_PROJECT_VERSION = 130;
				DEVELOPMENT_TEAM = 93M47F4H9T;
				ENABLE_HARDENED_RUNTIME = YES;
				GCC_C_LANGUAGE_STANDARD = gnu17;
				GENERATE_INFOPLIST_FILE = YES;
				INFOPLIST_FILE = RsyncUIWidgetEstimate/Info.plist;
				INFOPLIST_KEY_CFBundleDisplayName = RsyncUIWidgetEstimate;
				INFOPLIST_KEY_NSHumanReadableCopyright = "";
				LD_RUNPATH_SEARCH_PATHS = (
					"$(inherited)",
					"@executable_path/../Frameworks",
					"@executable_path/../../../../Frameworks",
				);
				LOCALIZATION_PREFERS_STRING_CATALOGS = YES;
				MACOSX_DEPLOYMENT_TARGET = 14.0;
				MARKETING_VERSION = 2.3.0;
				PRODUCT_BUNDLE_IDENTIFIER = no.blogspot.RsyncUI.RsyncUIWidgetEstimate;
				PRODUCT_NAME = "$(TARGET_NAME)";
				SKIP_INSTALL = YES;
				SWIFT_ACTIVE_COMPILATION_CONDITIONS = "DEBUG $(inherited)";
				SWIFT_EMIT_LOC_STRINGS = YES;
				SWIFT_VERSION = 5.0;
			};
			name = Debug;
		};
		E9DA3DDF2D35116600F88799 /* Release */ = {
			isa = XCBuildConfiguration;
			buildSettings = {
				ASSETCATALOG_COMPILER_GLOBAL_ACCENT_COLOR_NAME = AccentColor;
				ASSETCATALOG_COMPILER_WIDGET_BACKGROUND_COLOR_NAME = WidgetBackground;
				CLANG_CXX_LANGUAGE_STANDARD = "gnu++20";
				CODE_SIGN_ENTITLEMENTS = RsyncUIWidgetEstimate/RsyncUIWidgetEstimate.entitlements;
				CODE_SIGN_IDENTITY = "-";
				"CODE_SIGN_IDENTITY[sdk=macosx*]" = "Apple Development";
				CODE_SIGN_STYLE = Automatic;
				CURRENT_PROJECT_VERSION = 130;
				DEVELOPMENT_TEAM = 93M47F4H9T;
				ENABLE_HARDENED_RUNTIME = YES;
				GCC_C_LANGUAGE_STANDARD = gnu17;
				GENERATE_INFOPLIST_FILE = YES;
				INFOPLIST_FILE = RsyncUIWidgetEstimate/Info.plist;
				INFOPLIST_KEY_CFBundleDisplayName = RsyncUIWidgetEstimate;
				INFOPLIST_KEY_NSHumanReadableCopyright = "";
				LD_RUNPATH_SEARCH_PATHS = (
					"$(inherited)",
					"@executable_path/../Frameworks",
					"@executable_path/../../../../Frameworks",
				);
				LOCALIZATION_PREFERS_STRING_CATALOGS = YES;
				MACOSX_DEPLOYMENT_TARGET = 14.0;
				MARKETING_VERSION = 2.3.0;
				PRODUCT_BUNDLE_IDENTIFIER = no.blogspot.RsyncUI.RsyncUIWidgetEstimate;
				PRODUCT_NAME = "$(TARGET_NAME)";
				SKIP_INSTALL = YES;
				SWIFT_EMIT_LOC_STRINGS = YES;
				SWIFT_VERSION = 5.0;
			};
			name = Release;
		};
/* End XCBuildConfiguration section */

/* Begin XCConfigurationList section */
		E985C5BE25F3AC0700CB895C /* Build configuration list for PBXProject "RsyncUI" */ = {
			isa = XCConfigurationList;
			buildConfigurations = (
				E985C5EA25F3AC0800CB895C /* Debug */,
				E985C5EB25F3AC0800CB895C /* Release */,
			);
			defaultConfigurationIsVisible = 0;
			defaultConfigurationName = Release;
		};
		E985C5EC25F3AC0800CB895C /* Build configuration list for PBXNativeTarget "RsyncUI" */ = {
			isa = XCConfigurationList;
			buildConfigurations = (
				E985C5ED25F3AC0800CB895C /* Debug */,
				E985C5EE25F3AC0800CB895C /* Release */,
			);
			defaultConfigurationIsVisible = 0;
			defaultConfigurationName = Release;
		};
		E988C84D2D3699FE00F0F694 /* Build configuration list for PBXNativeTarget "RsyncUIWidgetVerifyExtension" */ = {
			isa = XCConfigurationList;
			buildConfigurations = (
				E988C84B2D3699FE00F0F694 /* Debug */,
				E988C84C2D3699FE00F0F694 /* Release */,
			);
			defaultConfigurationIsVisible = 0;
			defaultConfigurationName = Release;
		};
		E9DA3DE02D35116600F88799 /* Build configuration list for PBXNativeTarget "RsyncUIWidgetEstimateExtension" */ = {
			isa = XCConfigurationList;
			buildConfigurations = (
				E9DA3DDE2D35116600F88799 /* Debug */,
				E9DA3DDF2D35116600F88799 /* Release */,
			);
			defaultConfigurationIsVisible = 0;
			defaultConfigurationName = Release;
		};
/* End XCConfigurationList section */

/* Begin XCRemoteSwiftPackageReference section */
		E911E85C2C6BCD9D00152CD6 /* XCRemoteSwiftPackageReference "SSHCreateKey" */ = {
			isa = XCRemoteSwiftPackageReference;
			repositoryURL = "https://github.com/rsyncOSX/SSHCreateKey.git";
			requirement = {
				branch = main;
				kind = branch;
			};
		};
		E94B878B2C7321090031B27A /* XCRemoteSwiftPackageReference "DecodeEncodeGeneric" */ = {
			isa = XCRemoteSwiftPackageReference;
			repositoryURL = "https://github.com/rsyncOSX/DecodeEncodeGeneric.git";
			requirement = {
				branch = main;
				kind = branch;
			};
		};
		E9BAB99B2C60A611008A1707 /* XCRemoteSwiftPackageReference "RsyncArguments" */ = {
			isa = XCRemoteSwiftPackageReference;
			repositoryURL = "https://github.com/rsyncOSX/RsyncArguments.git";
			requirement = {
				branch = main;
				kind = branch;
			};
		};
		E9C077742C8CCA65005F8669 /* XCRemoteSwiftPackageReference "ParseRsyncOutput" */ = {
			isa = XCRemoteSwiftPackageReference;
			repositoryURL = "https://github.com/rsyncOSX/ParseRsyncOutput";
			requirement = {
				branch = main;
				kind = branch;
			};
		};
		E9C566042D1BF046009C540F /* XCRemoteSwiftPackageReference "RsyncUIDeepLinks" */ = {
			isa = XCRemoteSwiftPackageReference;
			repositoryURL = "https://github.com/rsyncOSX/RsyncUIDeepLinks";
			requirement = {
				branch = main;
				kind = branch;
			};
		};
/* End XCRemoteSwiftPackageReference section */

/* Begin XCSwiftPackageProductDependency section */
		E911E85D2C6BCD9D00152CD6 /* SSHCreateKey */ = {
			isa = XCSwiftPackageProductDependency;
			package = E911E85C2C6BCD9D00152CD6 /* XCRemoteSwiftPackageReference "SSHCreateKey" */;
			productName = SSHCreateKey;
		};
		E95CA3E32C73230800966D69 /* DecodeEncodeGeneric */ = {
			isa = XCSwiftPackageProductDependency;
			package = E94B878B2C7321090031B27A /* XCRemoteSwiftPackageReference "DecodeEncodeGeneric" */;
			productName = DecodeEncodeGeneric;
		};
		E988C84F2D369AB000F0F694 /* DecodeEncodeGeneric */ = {
			isa = XCSwiftPackageProductDependency;
			package = E94B878B2C7321090031B27A /* XCRemoteSwiftPackageReference "DecodeEncodeGeneric" */;
			productName = DecodeEncodeGeneric;
		};
		E9BAB99C2C60A611008A1707 /* RsyncArguments */ = {
			isa = XCSwiftPackageProductDependency;
			package = E9BAB99B2C60A611008A1707 /* XCRemoteSwiftPackageReference "RsyncArguments" */;
			productName = RsyncArguments;
		};
		E9C077752C8CCA65005F8669 /* ParseRsyncOutput */ = {
			isa = XCSwiftPackageProductDependency;
			package = E9C077742C8CCA65005F8669 /* XCRemoteSwiftPackageReference "ParseRsyncOutput" */;
			productName = ParseRsyncOutput;
		};
		E9C566052D1BF046009C540F /* RsyncUIDeepLinks */ = {
			isa = XCSwiftPackageProductDependency;
			package = E9C566042D1BF046009C540F /* XCRemoteSwiftPackageReference "RsyncUIDeepLinks" */;
			productName = RsyncUIDeepLinks;
		};
		E9DE70E02D3652D700EE0F5C /* DecodeEncodeGeneric */ = {
			isa = XCSwiftPackageProductDependency;
			package = E94B878B2C7321090031B27A /* XCRemoteSwiftPackageReference "DecodeEncodeGeneric" */;
			productName = DecodeEncodeGeneric;
		};
		E9E63D4F2D36E7BC0060C4DA /* RsyncUIDeepLinks */ = {
			isa = XCSwiftPackageProductDependency;
			package = E9C566042D1BF046009C540F /* XCRemoteSwiftPackageReference "RsyncUIDeepLinks" */;
			productName = RsyncUIDeepLinks;
		};
		E9E63D512D36E7C60060C4DA /* RsyncUIDeepLinks */ = {
			isa = XCSwiftPackageProductDependency;
			package = E9C566042D1BF046009C540F /* XCRemoteSwiftPackageReference "RsyncUIDeepLinks" */;
			productName = RsyncUIDeepLinks;
		};
/* End XCSwiftPackageProductDependency section */
	};
	rootObject = E985C5BB25F3AC0700CB895C /* Project object */;
}
